// !$*UTF8*$!
{
	archiveVersion = 1;
	classes = {
	};
	objectVersion = 46;
	objects = {

/* Begin PBXBuildFile section */
		656744281B35B4CB00D96DAD /* effect_environmentalreverb.h in Headers */ = {isa = PBXBuildFile; fileRef = 656744261B35B4CB00D96DAD /* effect_environmentalreverb.h */; };
		656744291B35B4CB00D96DAD /* effect_presetreverb.h in Headers */ = {isa = PBXBuildFile; fileRef = 656744271B35B4CB00D96DAD /* effect_presetreverb.h */; };
		656744361B35B4E400D96DAD /* AGC.h in Headers */ = {isa = PBXBuildFile; fileRef = 6567442A1B35B4E400D96DAD /* AGC.h */; };
		656744371B35B4E400D96DAD /* BIQUAD.h in Headers */ = {isa = PBXBuildFile; fileRef = 6567442B1B35B4E400D96DAD /* BIQUAD.h */; };
		656744381B35B4E400D96DAD /* CompLim.h in Headers */ = {isa = PBXBuildFile; fileRef = 6567442C1B35B4E400D96DAD /* CompLim.h */; };
		656744391B35B4E400D96DAD /* Filter.h in Headers */ = {isa = PBXBuildFile; fileRef = 6567442D1B35B4E400D96DAD /* Filter.h */; };
		6567443A1B35B4E400D96DAD /* InstAlloc.h in Headers */ = {isa = PBXBuildFile; fileRef = 6567442E1B35B4E400D96DAD /* InstAlloc.h */; };
		6567443B1B35B4E400D96DAD /* LVM_Common.h in Headers */ = {isa = PBXBuildFile; fileRef = 6567442F1B35B4E400D96DAD /* LVM_Common.h */; };
		6567443C1B35B4E400D96DAD /* LVM_Macros.h in Headers */ = {isa = PBXBuildFile; fileRef = 656744301B35B4E400D96DAD /* LVM_Macros.h */; };
		6567443D1B35B4E400D96DAD /* LVM_Timer.h in Headers */ = {isa = PBXBuildFile; fileRef = 656744311B35B4E400D96DAD /* LVM_Timer.h */; };
		6567443E1B35B4E400D96DAD /* LVM_Types.h in Headers */ = {isa = PBXBuildFile; fileRef = 656744321B35B4E400D96DAD /* LVM_Types.h */; };
		6567443F1B35B4E400D96DAD /* Mixer.h in Headers */ = {isa = PBXBuildFile; fileRef = 656744331B35B4E400D96DAD /* Mixer.h */; };
		656744401B35B4E400D96DAD /* ScalarArithmetic.h in Headers */ = {isa = PBXBuildFile; fileRef = 656744341B35B4E400D96DAD /* ScalarArithmetic.h */; };
		656744411B35B4E400D96DAD /* VectorArithmetic.h in Headers */ = {isa = PBXBuildFile; fileRef = 656744351B35B4E400D96DAD /* VectorArithmetic.h */; };
		656744AF1B35B50400D96DAD /* Abs_32.c in Sources */ = {isa = PBXBuildFile; fileRef = 656744421B35B50400D96DAD /* Abs_32.c */; };
		656744B01B35B50400D96DAD /* Add2_Sat_16x16.c in Sources */ = {isa = PBXBuildFile; fileRef = 656744431B35B50400D96DAD /* Add2_Sat_16x16.c */; };
		656744B11B35B50400D96DAD /* Add2_Sat_32x32.c in Sources */ = {isa = PBXBuildFile; fileRef = 656744441B35B50400D96DAD /* Add2_Sat_32x32.c */; };
		656744B21B35B50400D96DAD /* AGC_MIX_VOL_2St1Mon_D32_WRA.c in Sources */ = {isa = PBXBuildFile; fileRef = 656744451B35B50400D96DAD /* AGC_MIX_VOL_2St1Mon_D32_WRA.c */; };
		656744B31B35B50400D96DAD /* BP_1I_D16F16C14_TRC_WRA_01.c in Sources */ = {isa = PBXBuildFile; fileRef = 656744461B35B50400D96DAD /* BP_1I_D16F16C14_TRC_WRA_01.c */; };
		656744B41B35B50400D96DAD /* BP_1I_D16F16Css_TRC_WRA_01_Init.c in Sources */ = {isa = PBXBuildFile; fileRef = 656744471B35B50400D96DAD /* BP_1I_D16F16Css_TRC_WRA_01_Init.c */; };
		656744B51B35B50400D96DAD /* BP_1I_D16F16Css_TRC_WRA_01_Private.h in Headers */ = {isa = PBXBuildFile; fileRef = 656744481B35B50400D96DAD /* BP_1I_D16F16Css_TRC_WRA_01_Private.h */; };
		656744B61B35B50400D96DAD /* BP_1I_D16F32C30_TRC_WRA_01.c in Sources */ = {isa = PBXBuildFile; fileRef = 656744491B35B50400D96DAD /* BP_1I_D16F32C30_TRC_WRA_01.c */; };
		656744B71B35B50400D96DAD /* BP_1I_D16F32Cll_TRC_WRA_01_Init.c in Sources */ = {isa = PBXBuildFile; fileRef = 6567444A1B35B50400D96DAD /* BP_1I_D16F32Cll_TRC_WRA_01_Init.c */; };
		656744B81B35B50400D96DAD /* BP_1I_D16F32Cll_TRC_WRA_01_Private.h in Headers */ = {isa = PBXBuildFile; fileRef = 6567444B1B35B50400D96DAD /* BP_1I_D16F32Cll_TRC_WRA_01_Private.h */; };
		656744B91B35B50400D96DAD /* BP_1I_D32F32C30_TRC_WRA_02.c in Sources */ = {isa = PBXBuildFile; fileRef = 6567444C1B35B50400D96DAD /* BP_1I_D32F32C30_TRC_WRA_02.c */; };
		656744BA1B35B50400D96DAD /* BP_1I_D32F32Cll_TRC_WRA_02_Init.c in Sources */ = {isa = PBXBuildFile; fileRef = 6567444D1B35B50400D96DAD /* BP_1I_D32F32Cll_TRC_WRA_02_Init.c */; };
		656744BB1B35B50400D96DAD /* BP_1I_D32F32Cll_TRC_WRA_02_Private.h in Headers */ = {isa = PBXBuildFile; fileRef = 6567444E1B35B50400D96DAD /* BP_1I_D32F32Cll_TRC_WRA_02_Private.h */; };
		656744BC1B35B50400D96DAD /* BQ_1I_D16F16C15_TRC_WRA_01.c in Sources */ = {isa = PBXBuildFile; fileRef = 6567444F1B35B50400D96DAD /* BQ_1I_D16F16C15_TRC_WRA_01.c */; };
		656744BD1B35B50400D96DAD /* BQ_1I_D16F16Css_TRC_WRA_01_Init.c in Sources */ = {isa = PBXBuildFile; fileRef = 656744501B35B50400D96DAD /* BQ_1I_D16F16Css_TRC_WRA_01_Init.c */; };
		656744BE1B35B50400D96DAD /* BQ_1I_D16F16Css_TRC_WRA_01_Private.h in Headers */ = {isa = PBXBuildFile; fileRef = 656744511B35B50400D96DAD /* BQ_1I_D16F16Css_TRC_WRA_01_Private.h */; };
		656744BF1B35B50400D96DAD /* BQ_1I_D16F32C14_TRC_WRA_01.c in Sources */ = {isa = PBXBuildFile; fileRef = 656744521B35B50400D96DAD /* BQ_1I_D16F32C14_TRC_WRA_01.c */; };
		656744C01B35B50400D96DAD /* BQ_1I_D16F32Css_TRC_WRA_01_init.c in Sources */ = {isa = PBXBuildFile; fileRef = 656744531B35B50400D96DAD /* BQ_1I_D16F32Css_TRC_WRA_01_init.c */; };
		656744C11B35B50400D96DAD /* BQ_1I_D16F32Css_TRC_WRA_01_Private.h in Headers */ = {isa = PBXBuildFile; fileRef = 656744541B35B50400D96DAD /* BQ_1I_D16F32Css_TRC_WRA_01_Private.h */; };
		656744C21B35B50400D96DAD /* BQ_2I_D16F16C14_TRC_WRA_01.c in Sources */ = {isa = PBXBuildFile; fileRef = 656744551B35B50400D96DAD /* BQ_2I_D16F16C14_TRC_WRA_01.c */; };
		656744C31B35B50400D96DAD /* BQ_2I_D16F16C15_TRC_WRA_01.c in Sources */ = {isa = PBXBuildFile; fileRef = 656744561B35B50400D96DAD /* BQ_2I_D16F16C15_TRC_WRA_01.c */; };
		656744C41B35B50400D96DAD /* BQ_2I_D16F16Css_TRC_WRA_01_Init.c in Sources */ = {isa = PBXBuildFile; fileRef = 656744571B35B50400D96DAD /* BQ_2I_D16F16Css_TRC_WRA_01_Init.c */; };
		656744C51B35B50400D96DAD /* BQ_2I_D16F16Css_TRC_WRA_01_Private.h in Headers */ = {isa = PBXBuildFile; fileRef = 656744581B35B50400D96DAD /* BQ_2I_D16F16Css_TRC_WRA_01_Private.h */; };
		656744C61B35B50400D96DAD /* BQ_2I_D16F32C13_TRC_WRA_01.c in Sources */ = {isa = PBXBuildFile; fileRef = 656744591B35B50400D96DAD /* BQ_2I_D16F32C13_TRC_WRA_01.c */; };
		656744C71B35B50400D96DAD /* BQ_2I_D16F32C14_TRC_WRA_01.c in Sources */ = {isa = PBXBuildFile; fileRef = 6567445A1B35B50400D96DAD /* BQ_2I_D16F32C14_TRC_WRA_01.c */; };
		656744C81B35B50400D96DAD /* BQ_2I_D16F32C15_TRC_WRA_01.c in Sources */ = {isa = PBXBuildFile; fileRef = 6567445B1B35B50400D96DAD /* BQ_2I_D16F32C15_TRC_WRA_01.c */; };
		656744C91B35B50400D96DAD /* BQ_2I_D16F32Css_TRC_WRA_01_init.c in Sources */ = {isa = PBXBuildFile; fileRef = 6567445C1B35B50400D96DAD /* BQ_2I_D16F32Css_TRC_WRA_01_init.c */; };
		656744CA1B35B50400D96DAD /* BQ_2I_D16F32Css_TRC_WRA_01_Private.h in Headers */ = {isa = PBXBuildFile; fileRef = 6567445D1B35B50400D96DAD /* BQ_2I_D16F32Css_TRC_WRA_01_Private.h */; };
		656744CB1B35B50400D96DAD /* BQ_2I_D32F32C30_TRC_WRA_01.c in Sources */ = {isa = PBXBuildFile; fileRef = 6567445E1B35B50400D96DAD /* BQ_2I_D32F32C30_TRC_WRA_01.c */; };
		656744CC1B35B50400D96DAD /* BQ_2I_D32F32Cll_TRC_WRA_01_Init.c in Sources */ = {isa = PBXBuildFile; fileRef = 6567445F1B35B50400D96DAD /* BQ_2I_D32F32Cll_TRC_WRA_01_Init.c */; };
		656744CD1B35B50400D96DAD /* BQ_2I_D32F32Cll_TRC_WRA_01_Private.h in Headers */ = {isa = PBXBuildFile; fileRef = 656744601B35B50400D96DAD /* BQ_2I_D32F32Cll_TRC_WRA_01_Private.h */; };
		656744CE1B35B50400D96DAD /* CompLim_private.h in Headers */ = {isa = PBXBuildFile; fileRef = 656744611B35B50400D96DAD /* CompLim_private.h */; };
		656744CF1B35B50400D96DAD /* Copy_16.c in Sources */ = {isa = PBXBuildFile; fileRef = 656744621B35B50400D96DAD /* Copy_16.c */; };
		656744D01B35B50400D96DAD /* Core_MixHard_2St_D32C31_SAT.c in Sources */ = {isa = PBXBuildFile; fileRef = 656744631B35B50400D96DAD /* Core_MixHard_2St_D32C31_SAT.c */; };
		656744D11B35B50400D96DAD /* Core_MixInSoft_D32C31_SAT.c in Sources */ = {isa = PBXBuildFile; fileRef = 656744641B35B50400D96DAD /* Core_MixInSoft_D32C31_SAT.c */; };
		656744D21B35B50400D96DAD /* Core_MixSoft_1St_D32C31_WRA.c in Sources */ = {isa = PBXBuildFile; fileRef = 656744651B35B50400D96DAD /* Core_MixSoft_1St_D32C31_WRA.c */; };
		656744D31B35B50400D96DAD /* dB_to_Lin32.c in Sources */ = {isa = PBXBuildFile; fileRef = 656744661B35B50400D96DAD /* dB_to_Lin32.c */; };
		656744D41B35B50400D96DAD /* DC_2I_D16_TRC_WRA_01_Init.c in Sources */ = {isa = PBXBuildFile; fileRef = 656744671B35B50400D96DAD /* DC_2I_D16_TRC_WRA_01_Init.c */; };
		656744D51B35B50400D96DAD /* DC_2I_D16_TRC_WRA_01_Private.h in Headers */ = {isa = PBXBuildFile; fileRef = 656744681B35B50400D96DAD /* DC_2I_D16_TRC_WRA_01_Private.h */; };
		656744D61B35B50400D96DAD /* DC_2I_D16_TRC_WRA_01.c in Sources */ = {isa = PBXBuildFile; fileRef = 656744691B35B50400D96DAD /* DC_2I_D16_TRC_WRA_01.c */; };
		656744D71B35B50400D96DAD /* DelayAllPass_Sat_32x16To32.c in Sources */ = {isa = PBXBuildFile; fileRef = 6567446A1B35B50400D96DAD /* DelayAllPass_Sat_32x16To32.c */; };
		656744D81B35B50400D96DAD /* DelayMix_16x16.c in Sources */ = {isa = PBXBuildFile; fileRef = 6567446B1B35B50400D96DAD /* DelayMix_16x16.c */; };
		656744D91B35B50400D96DAD /* DelayWrite_32.c in Sources */ = {isa = PBXBuildFile; fileRef = 6567446C1B35B50400D96DAD /* DelayWrite_32.c */; };
		656744DA1B35B50400D96DAD /* Filters.h in Headers */ = {isa = PBXBuildFile; fileRef = 6567446D1B35B50400D96DAD /* Filters.h */; };
		656744DB1B35B50400D96DAD /* FO_1I_D16F16C15_TRC_WRA_01.c in Sources */ = {isa = PBXBuildFile; fileRef = 6567446E1B35B50400D96DAD /* FO_1I_D16F16C15_TRC_WRA_01.c */; };
		656744DC1B35B50400D96DAD /* FO_1I_D16F16Css_TRC_WRA_01_Init.c in Sources */ = {isa = PBXBuildFile; fileRef = 6567446F1B35B50400D96DAD /* FO_1I_D16F16Css_TRC_WRA_01_Init.c */; };
		656744DD1B35B50400D96DAD /* FO_1I_D16F16Css_TRC_WRA_01_Private.h in Headers */ = {isa = PBXBuildFile; fileRef = 656744701B35B50400D96DAD /* FO_1I_D16F16Css_TRC_WRA_01_Private.h */; };
		656744DE1B35B50400D96DAD /* FO_1I_D32F32C31_TRC_WRA_01.c in Sources */ = {isa = PBXBuildFile; fileRef = 656744711B35B50400D96DAD /* FO_1I_D32F32C31_TRC_WRA_01.c */; };
		656744DF1B35B50400D96DAD /* FO_1I_D32F32Cll_TRC_WRA_01_Init.c in Sources */ = {isa = PBXBuildFile; fileRef = 656744721B35B50400D96DAD /* FO_1I_D32F32Cll_TRC_WRA_01_Init.c */; };
		656744E01B35B50400D96DAD /* FO_1I_D32F32Cll_TRC_WRA_01_Private.h in Headers */ = {isa = PBXBuildFile; fileRef = 656744731B35B50400D96DAD /* FO_1I_D32F32Cll_TRC_WRA_01_Private.h */; };
		656744E11B35B50400D96DAD /* FO_2I_D16F32C15_LShx_TRC_WRA_01.c in Sources */ = {isa = PBXBuildFile; fileRef = 656744741B35B50400D96DAD /* FO_2I_D16F32C15_LShx_TRC_WRA_01.c */; };
		656744E21B35B50400D96DAD /* FO_2I_D16F32Css_LShx_TRC_WRA_01_Init.c in Sources */ = {isa = PBXBuildFile; fileRef = 656744751B35B50400D96DAD /* FO_2I_D16F32Css_LShx_TRC_WRA_01_Init.c */; };
		656744E31B35B50400D96DAD /* FO_2I_D16F32Css_LShx_TRC_WRA_01_Private.h in Headers */ = {isa = PBXBuildFile; fileRef = 656744761B35B50400D96DAD /* FO_2I_D16F32Css_LShx_TRC_WRA_01_Private.h */; };
		656744E41B35B50400D96DAD /* From2iToMono_16.c in Sources */ = {isa = PBXBuildFile; fileRef = 656744771B35B50400D96DAD /* From2iToMono_16.c */; };
		656744E51B35B50400D96DAD /* From2iToMono_32.c in Sources */ = {isa = PBXBuildFile; fileRef = 656744781B35B50400D96DAD /* From2iToMono_32.c */; };
		656744E61B35B50400D96DAD /* From2iToMS_16x16.c in Sources */ = {isa = PBXBuildFile; fileRef = 656744791B35B50400D96DAD /* From2iToMS_16x16.c */; };
		656744E71B35B50400D96DAD /* InstAlloc.c in Sources */ = {isa = PBXBuildFile; fileRef = 6567447A1B35B50400D96DAD /* InstAlloc.c */; };
		656744E81B35B50400D96DAD /* Int16LShiftToInt32_16x32.c in Sources */ = {isa = PBXBuildFile; fileRef = 6567447B1B35B50400D96DAD /* Int16LShiftToInt32_16x32.c */; };
		656744E91B35B50400D96DAD /* Int32RShiftToInt16_Sat_32x16.c in Sources */ = {isa = PBXBuildFile; fileRef = 6567447C1B35B50400D96DAD /* Int32RShiftToInt16_Sat_32x16.c */; };
		656744EA1B35B50400D96DAD /* JoinTo2i_32x32.c in Sources */ = {isa = PBXBuildFile; fileRef = 6567447D1B35B50400D96DAD /* JoinTo2i_32x32.c */; };
		656744EB1B35B50400D96DAD /* LoadConst_16.c in Sources */ = {isa = PBXBuildFile; fileRef = 6567447E1B35B50400D96DAD /* LoadConst_16.c */; };
		656744EC1B35B50400D96DAD /* LoadConst_32.c in Sources */ = {isa = PBXBuildFile; fileRef = 6567447F1B35B50400D96DAD /* LoadConst_32.c */; };
		656744ED1B35B50400D96DAD /* LVC_Core_MixHard_1St_2i_D16C31_SAT.c in Sources */ = {isa = PBXBuildFile; fileRef = 656744801B35B50400D96DAD /* LVC_Core_MixHard_1St_2i_D16C31_SAT.c */; };
		656744EE1B35B50400D96DAD /* LVC_Core_MixHard_2St_D16C31_SAT.c in Sources */ = {isa = PBXBuildFile; fileRef = 656744811B35B50400D96DAD /* LVC_Core_MixHard_2St_D16C31_SAT.c */; };
		656744EF1B35B50400D96DAD /* LVC_Core_MixInSoft_D16C31_SAT.c in Sources */ = {isa = PBXBuildFile; fileRef = 656744821B35B50400D96DAD /* LVC_Core_MixInSoft_D16C31_SAT.c */; };
		656744F01B35B50400D96DAD /* LVC_Core_MixSoft_1St_2i_D16C31_WRA.c in Sources */ = {isa = PBXBuildFile; fileRef = 656744831B35B50400D96DAD /* LVC_Core_MixSoft_1St_2i_D16C31_WRA.c */; };
		656744F11B35B50400D96DAD /* LVC_Core_MixSoft_1St_D16C31_WRA.c in Sources */ = {isa = PBXBuildFile; fileRef = 656744841B35B50400D96DAD /* LVC_Core_MixSoft_1St_D16C31_WRA.c */; };
		656744F21B35B50400D96DAD /* LVC_Mixer_GetCurrent.c in Sources */ = {isa = PBXBuildFile; fileRef = 656744851B35B50400D96DAD /* LVC_Mixer_GetCurrent.c */; };
		656744F31B35B50400D96DAD /* LVC_Mixer_GetTarget.c in Sources */ = {isa = PBXBuildFile; fileRef = 656744861B35B50400D96DAD /* LVC_Mixer_GetTarget.c */; };
		656744F41B35B50400D96DAD /* LVC_Mixer_Init.c in Sources */ = {isa = PBXBuildFile; fileRef = 656744871B35B50400D96DAD /* LVC_Mixer_Init.c */; };
		656744F51B35B50400D96DAD /* LVC_Mixer_Private.h in Headers */ = {isa = PBXBuildFile; fileRef = 656744881B35B50400D96DAD /* LVC_Mixer_Private.h */; };
		656744F61B35B50400D96DAD /* LVC_Mixer_SetTarget.c in Sources */ = {isa = PBXBuildFile; fileRef = 656744891B35B50400D96DAD /* LVC_Mixer_SetTarget.c */; };
		656744F71B35B50400D96DAD /* LVC_Mixer_SetTimeConstant.c in Sources */ = {isa = PBXBuildFile; fileRef = 6567448A1B35B50400D96DAD /* LVC_Mixer_SetTimeConstant.c */; };
		656744F81B35B50400D96DAD /* LVC_Mixer_VarSlope_SetTimeConstant.c in Sources */ = {isa = PBXBuildFile; fileRef = 6567448B1B35B50400D96DAD /* LVC_Mixer_VarSlope_SetTimeConstant.c */; };
		656744F91B35B50400D96DAD /* LVC_Mixer.h in Headers */ = {isa = PBXBuildFile; fileRef = 6567448C1B35B50400D96DAD /* LVC_Mixer.h */; };
		656744FA1B35B50400D96DAD /* LVC_MixInSoft_D16C31_SAT.c in Sources */ = {isa = PBXBuildFile; fileRef = 6567448D1B35B50400D96DAD /* LVC_MixInSoft_D16C31_SAT.c */; };
		656744FB1B35B50400D96DAD /* LVC_MixSoft_1St_2i_D16C31_SAT.c in Sources */ = {isa = PBXBuildFile; fileRef = 6567448E1B35B50400D96DAD /* LVC_MixSoft_1St_2i_D16C31_SAT.c */; };
		656744FC1B35B50400D96DAD /* LVC_MixSoft_1St_D16C31_SAT.c in Sources */ = {isa = PBXBuildFile; fileRef = 6567448F1B35B50400D96DAD /* LVC_MixSoft_1St_D16C31_SAT.c */; };
		656744FD1B35B50400D96DAD /* LVC_MixSoft_2St_D16C31_SAT.c in Sources */ = {isa = PBXBuildFile; fileRef = 656744901B35B50400D96DAD /* LVC_MixSoft_2St_D16C31_SAT.c */; };
		656744FE1B35B50400D96DAD /* LVM_FO_HPF.c in Sources */ = {isa = PBXBuildFile; fileRef = 656744911B35B50400D96DAD /* LVM_FO_HPF.c */; };
		656744FF1B35B50400D96DAD /* LVM_FO_LPF.c in Sources */ = {isa = PBXBuildFile; fileRef = 656744921B35B50400D96DAD /* LVM_FO_LPF.c */; };
		656745001B35B50400D96DAD /* LVM_GetOmega.c in Sources */ = {isa = PBXBuildFile; fileRef = 656744931B35B50400D96DAD /* LVM_GetOmega.c */; };
		656745011B35B50400D96DAD /* LVM_Mixer_FilterCoeffs.h in Headers */ = {isa = PBXBuildFile; fileRef = 656744941B35B50400D96DAD /* LVM_Mixer_FilterCoeffs.h */; };
		656745021B35B50400D96DAD /* LVM_Mixer_TimeConstant.c in Sources */ = {isa = PBXBuildFile; fileRef = 656744951B35B50400D96DAD /* LVM_Mixer_TimeConstant.c */; };
		656745031B35B50400D96DAD /* LVM_Polynomial.c in Sources */ = {isa = PBXBuildFile; fileRef = 656744961B35B50400D96DAD /* LVM_Polynomial.c */; };
		656745041B35B50400D96DAD /* LVM_Power10.c in Sources */ = {isa = PBXBuildFile; fileRef = 656744971B35B50400D96DAD /* LVM_Power10.c */; };
		656745051B35B50400D96DAD /* LVM_Timer_Init.c in Sources */ = {isa = PBXBuildFile; fileRef = 656744981B35B50400D96DAD /* LVM_Timer_Init.c */; };
		656745061B35B50400D96DAD /* LVM_Timer_Private.h in Headers */ = {isa = PBXBuildFile; fileRef = 656744991B35B50400D96DAD /* LVM_Timer_Private.h */; };
		656745071B35B50400D96DAD /* LVM_Timer.c in Sources */ = {isa = PBXBuildFile; fileRef = 6567449A1B35B50400D96DAD /* LVM_Timer.c */; };
		656745081B35B50400D96DAD /* Mac3s_Sat_16x16.c in Sources */ = {isa = PBXBuildFile; fileRef = 6567449B1B35B50400D96DAD /* Mac3s_Sat_16x16.c */; };
		656745091B35B50400D96DAD /* Mac3s_Sat_32x16.c in Sources */ = {isa = PBXBuildFile; fileRef = 6567449C1B35B50400D96DAD /* Mac3s_Sat_32x16.c */; };
		6567450A1B35B50400D96DAD /* Mixer_private.h in Headers */ = {isa = PBXBuildFile; fileRef = 6567449D1B35B50400D96DAD /* Mixer_private.h */; };
		6567450B1B35B50400D96DAD /* MixInSoft_D32C31_SAT.c in Sources */ = {isa = PBXBuildFile; fileRef = 6567449E1B35B50400D96DAD /* MixInSoft_D32C31_SAT.c */; };
		6567450C1B35B50400D96DAD /* MixSoft_1St_D32C31_WRA.c in Sources */ = {isa = PBXBuildFile; fileRef = 6567449F1B35B50400D96DAD /* MixSoft_1St_D32C31_WRA.c */; };
		6567450D1B35B50400D96DAD /* MixSoft_2St_D32C31_SAT.c in Sources */ = {isa = PBXBuildFile; fileRef = 656744A01B35B50400D96DAD /* MixSoft_2St_D32C31_SAT.c */; };
		6567450E1B35B50400D96DAD /* MonoTo2I_16.c in Sources */ = {isa = PBXBuildFile; fileRef = 656744A11B35B50400D96DAD /* MonoTo2I_16.c */; };
		6567450F1B35B50400D96DAD /* MonoTo2I_32.c in Sources */ = {isa = PBXBuildFile; fileRef = 656744A21B35B50400D96DAD /* MonoTo2I_32.c */; };
		656745101B35B50400D96DAD /* MSTo2i_Sat_16x16.c in Sources */ = {isa = PBXBuildFile; fileRef = 656744A31B35B50400D96DAD /* MSTo2i_Sat_16x16.c */; };
		656745111B35B50400D96DAD /* mult3s_16x16.c in Sources */ = {isa = PBXBuildFile; fileRef = 656744A41B35B50400D96DAD /* mult3s_16x16.c */; };
		656745121B35B50400D96DAD /* Mult3s_32x16.c in Sources */ = {isa = PBXBuildFile; fileRef = 656744A51B35B50400D96DAD /* Mult3s_32x16.c */; };
		656745131B35B50400D96DAD /* NonLinComp_D16.c in Sources */ = {isa = PBXBuildFile; fileRef = 656744A61B35B50400D96DAD /* NonLinComp_D16.c */; };
		656745141B35B50400D96DAD /* PK_2I_D32F32C14G11_TRC_WRA_01.c in Sources */ = {isa = PBXBuildFile; fileRef = 656744A71B35B50400D96DAD /* PK_2I_D32F32C14G11_TRC_WRA_01.c */; };
		656745151B35B50400D96DAD /* PK_2I_D32F32C30G11_TRC_WRA_01.c in Sources */ = {isa = PBXBuildFile; fileRef = 656744A81B35B50400D96DAD /* PK_2I_D32F32C30G11_TRC_WRA_01.c */; };
		656745161B35B50400D96DAD /* PK_2I_D32F32CllGss_TRC_WRA_01_Init.c in Sources */ = {isa = PBXBuildFile; fileRef = 656744A91B35B50400D96DAD /* PK_2I_D32F32CllGss_TRC_WRA_01_Init.c */; };
		656745171B35B50400D96DAD /* PK_2I_D32F32CllGss_TRC_WRA_01_Private.h in Headers */ = {isa = PBXBuildFile; fileRef = 656744AA1B35B50400D96DAD /* PK_2I_D32F32CllGss_TRC_WRA_01_Private.h */; };
		656745181B35B50400D96DAD /* PK_2I_D32F32CssGss_TRC_WRA_01_Init.c in Sources */ = {isa = PBXBuildFile; fileRef = 656744AB1B35B50400D96DAD /* PK_2I_D32F32CssGss_TRC_WRA_01_Init.c */; };
		656745191B35B50400D96DAD /* PK_2I_D32F32CssGss_TRC_WRA_01_Private.h in Headers */ = {isa = PBXBuildFile; fileRef = 656744AC1B35B50400D96DAD /* PK_2I_D32F32CssGss_TRC_WRA_01_Private.h */; };
		6567451A1B35B50400D96DAD /* Shift_Sat_v16xv16.c in Sources */ = {isa = PBXBuildFile; fileRef = 656744AD1B35B50400D96DAD /* Shift_Sat_v16xv16.c */; };
		6567451B1B35B50400D96DAD /* Shift_Sat_v32xv32.c in Sources */ = {isa = PBXBuildFile; fileRef = 656744AE1B35B50400D96DAD /* Shift_Sat_v32xv32.c */; };
		6567451D1B35B51300D96DAD /* audio_effect.h in Headers */ = {isa = PBXBuildFile; fileRef = 6567451C1B35B51300D96DAD /* audio_effect.h */; };
		6567451F1B35B51F00D96DAD /* LVREV.h in Headers */ = {isa = PBXBuildFile; fileRef = 6567451E1B35B51F00D96DAD /* LVREV.h */; };
		6567452A1B35B52E00D96DAD /* LVREV_ApplyNewSettings.c in Sources */ = {isa = PBXBuildFile; fileRef = 656745201B35B52D00D96DAD /* LVREV_ApplyNewSettings.c */; };
		6567452B1B35B52E00D96DAD /* LVREV_ClearAudioBuffers.c in Sources */ = {isa = PBXBuildFile; fileRef = 656745211B35B52D00D96DAD /* LVREV_ClearAudioBuffers.c */; };
		6567452C1B35B52E00D96DAD /* LVREV_GetControlParameters.c in Sources */ = {isa = PBXBuildFile; fileRef = 656745221B35B52D00D96DAD /* LVREV_GetControlParameters.c */; };
		6567452D1B35B52E00D96DAD /* LVREV_GetInstanceHandle.c in Sources */ = {isa = PBXBuildFile; fileRef = 656745231B35B52D00D96DAD /* LVREV_GetInstanceHandle.c */; };
		6567452E1B35B52E00D96DAD /* LVREV_GetMemoryTable.c in Sources */ = {isa = PBXBuildFile; fileRef = 656745241B35B52D00D96DAD /* LVREV_GetMemoryTable.c */; };
		6567452F1B35B52E00D96DAD /* LVREV_Private.h in Headers */ = {isa = PBXBuildFile; fileRef = 656745251B35B52E00D96DAD /* LVREV_Private.h */; };
		656745301B35B52E00D96DAD /* LVREV_Process.c in Sources */ = {isa = PBXBuildFile; fileRef = 656745261B35B52E00D96DAD /* LVREV_Process.c */; };
		656745311B35B52E00D96DAD /* LVREV_SetControlParameters.c in Sources */ = {isa = PBXBuildFile; fileRef = 656745271B35B52E00D96DAD /* LVREV_SetControlParameters.c */; };
		656745321B35B52E00D96DAD /* LVREV_Tables.c in Sources */ = {isa = PBXBuildFile; fileRef = 656745281B35B52E00D96DAD /* LVREV_Tables.c */; };
		656745331B35B52E00D96DAD /* LVREV_Tables.h in Headers */ = {isa = PBXBuildFile; fileRef = 656745291B35B52E00D96DAD /* LVREV_Tables.h */; };
		656745361B35B53C00D96DAD /* ReverbLibrary.c in Sources */ = {isa = PBXBuildFile; fileRef = 656745341B35B53C00D96DAD /* ReverbLibrary.c */; };
		656745371B35B53C00D96DAD /* ReverbLibrary.h in Headers */ = {isa = PBXBuildFile; fileRef = 656745351B35B53C00D96DAD /* ReverbLibrary.h */; };
/* End PBXBuildFile section */

/* Begin PBXFileReference section */
		6567441F1B35B4A500D96DAD /* liblibeffects.a */ = {isa = PBXFileReference; explicitFileType = archive.ar; includeInIndex = 0; path = liblibeffects.a; sourceTree = BUILT_PRODUCTS_DIR; };
		656744261B35B4CB00D96DAD /* effect_environmentalreverb.h */ = {isa = PBXFileReference; fileEncoding = 4; lastKnownFileType = sourcecode.c.h; name = effect_environmentalreverb.h; path = ../../audio_effects/effect_environmentalreverb.h; sourceTree = "<group>"; };
		656744271B35B4CB00D96DAD /* effect_presetreverb.h */ = {isa = PBXFileReference; fileEncoding = 4; lastKnownFileType = sourcecode.c.h; name = effect_presetreverb.h; path = ../../audio_effects/effect_presetreverb.h; sourceTree = "<group>"; };
		6567442A1B35B4E400D96DAD /* AGC.h */ = {isa = PBXFileReference; fileEncoding = 4; lastKnownFileType = sourcecode.c.h; name = AGC.h; path = ../../Common/lib/AGC.h; sourceTree = "<group>"; };
		6567442B1B35B4E400D96DAD /* BIQUAD.h */ = {isa = PBXFileReference; fileEncoding = 4; lastKnownFileType = sourcecode.c.h; name = BIQUAD.h; path = ../../Common/lib/BIQUAD.h; sourceTree = "<group>"; };
		6567442C1B35B4E400D96DAD /* CompLim.h */ = {isa = PBXFileReference; fileEncoding = 4; lastKnownFileType = sourcecode.c.h; name = CompLim.h; path = ../../Common/lib/CompLim.h; sourceTree = "<group>"; };
		6567442D1B35B4E400D96DAD /* Filter.h */ = {isa = PBXFileReference; fileEncoding = 4; lastKnownFileType = sourcecode.c.h; name = Filter.h; path = ../../Common/lib/Filter.h; sourceTree = "<group>"; };
		6567442E1B35B4E400D96DAD /* InstAlloc.h */ = {isa = PBXFileReference; fileEncoding = 4; lastKnownFileType = sourcecode.c.h; name = InstAlloc.h; path = ../../Common/lib/InstAlloc.h; sourceTree = "<group>"; };
		6567442F1B35B4E400D96DAD /* LVM_Common.h */ = {isa = PBXFileReference; fileEncoding = 4; lastKnownFileType = sourcecode.c.h; name = LVM_Common.h; path = ../../Common/lib/LVM_Common.h; sourceTree = "<group>"; };
		656744301B35B4E400D96DAD /* LVM_Macros.h */ = {isa = PBXFileReference; fileEncoding = 4; lastKnownFileType = sourcecode.c.h; name = LVM_Macros.h; path = ../../Common/lib/LVM_Macros.h; sourceTree = "<group>"; };
		656744311B35B4E400D96DAD /* LVM_Timer.h */ = {isa = PBXFileReference; fileEncoding = 4; lastKnownFileType = sourcecode.c.h; name = LVM_Timer.h; path = ../../Common/lib/LVM_Timer.h; sourceTree = "<group>"; };
		656744321B35B4E400D96DAD /* LVM_Types.h */ = {isa = PBXFileReference; fileEncoding = 4; lastKnownFileType = sourcecode.c.h; name = LVM_Types.h; path = ../../Common/lib/LVM_Types.h; sourceTree = "<group>"; };
		656744331B35B4E400D96DAD /* Mixer.h */ = {isa = PBXFileReference; fileEncoding = 4; lastKnownFileType = sourcecode.c.h; name = Mixer.h; path = ../../Common/lib/Mixer.h; sourceTree = "<group>"; };
		656744341B35B4E400D96DAD /* ScalarArithmetic.h */ = {isa = PBXFileReference; fileEncoding = 4; lastKnownFileType = sourcecode.c.h; name = ScalarArithmetic.h; path = ../../Common/lib/ScalarArithmetic.h; sourceTree = "<group>"; };
		656744351B35B4E400D96DAD /* VectorArithmetic.h */ = {isa = PBXFileReference; fileEncoding = 4; lastKnownFileType = sourcecode.c.h; name = VectorArithmetic.h; path = ../../Common/lib/VectorArithmetic.h; sourceTree = "<group>"; };
		656744421B35B50400D96DAD /* Abs_32.c */ = {isa = PBXFileReference; fileEncoding = 4; lastKnownFileType = sourcecode.c.c; name = Abs_32.c; path = ../../Common/src/Abs_32.c; sourceTree = "<group>"; };
		656744431B35B50400D96DAD /* Add2_Sat_16x16.c */ = {isa = PBXFileReference; fileEncoding = 4; lastKnownFileType = sourcecode.c.c; name = Add2_Sat_16x16.c; path = ../../Common/src/Add2_Sat_16x16.c; sourceTree = "<group>"; };
		656744441B35B50400D96DAD /* Add2_Sat_32x32.c */ = {isa = PBXFileReference; fileEncoding = 4; lastKnownFileType = sourcecode.c.c; name = Add2_Sat_32x32.c; path = ../../Common/src/Add2_Sat_32x32.c; sourceTree = "<group>"; };
		656744451B35B50400D96DAD /* AGC_MIX_VOL_2St1Mon_D32_WRA.c */ = {isa = PBXFileReference; fileEncoding = 4; lastKnownFileType = sourcecode.c.c; name = AGC_MIX_VOL_2St1Mon_D32_WRA.c; path = ../../Common/src/AGC_MIX_VOL_2St1Mon_D32_WRA.c; sourceTree = "<group>"; };
		656744461B35B50400D96DAD /* BP_1I_D16F16C14_TRC_WRA_01.c */ = {isa = PBXFileReference; fileEncoding = 4; lastKnownFileType = sourcecode.c.c; name = BP_1I_D16F16C14_TRC_WRA_01.c; path = ../../Common/src/BP_1I_D16F16C14_TRC_WRA_01.c; sourceTree = "<group>"; };
		656744471B35B50400D96DAD /* BP_1I_D16F16Css_TRC_WRA_01_Init.c */ = {isa = PBXFileReference; fileEncoding = 4; lastKnownFileType = sourcecode.c.c; name = BP_1I_D16F16Css_TRC_WRA_01_Init.c; path = ../../Common/src/BP_1I_D16F16Css_TRC_WRA_01_Init.c; sourceTree = "<group>"; };
		656744481B35B50400D96DAD /* BP_1I_D16F16Css_TRC_WRA_01_Private.h */ = {isa = PBXFileReference; fileEncoding = 4; lastKnownFileType = sourcecode.c.h; name = BP_1I_D16F16Css_TRC_WRA_01_Private.h; path = ../../Common/src/BP_1I_D16F16Css_TRC_WRA_01_Private.h; sourceTree = "<group>"; };
		656744491B35B50400D96DAD /* BP_1I_D16F32C30_TRC_WRA_01.c */ = {isa = PBXFileReference; fileEncoding = 4; lastKnownFileType = sourcecode.c.c; name = BP_1I_D16F32C30_TRC_WRA_01.c; path = ../../Common/src/BP_1I_D16F32C30_TRC_WRA_01.c; sourceTree = "<group>"; };
		6567444A1B35B50400D96DAD /* BP_1I_D16F32Cll_TRC_WRA_01_Init.c */ = {isa = PBXFileReference; fileEncoding = 4; lastKnownFileType = sourcecode.c.c; name = BP_1I_D16F32Cll_TRC_WRA_01_Init.c; path = ../../Common/src/BP_1I_D16F32Cll_TRC_WRA_01_Init.c; sourceTree = "<group>"; };
		6567444B1B35B50400D96DAD /* BP_1I_D16F32Cll_TRC_WRA_01_Private.h */ = {isa = PBXFileReference; fileEncoding = 4; lastKnownFileType = sourcecode.c.h; name = BP_1I_D16F32Cll_TRC_WRA_01_Private.h; path = ../../Common/src/BP_1I_D16F32Cll_TRC_WRA_01_Private.h; sourceTree = "<group>"; };
		6567444C1B35B50400D96DAD /* BP_1I_D32F32C30_TRC_WRA_02.c */ = {isa = PBXFileReference; fileEncoding = 4; lastKnownFileType = sourcecode.c.c; name = BP_1I_D32F32C30_TRC_WRA_02.c; path = ../../Common/src/BP_1I_D32F32C30_TRC_WRA_02.c; sourceTree = "<group>"; };
		6567444D1B35B50400D96DAD /* BP_1I_D32F32Cll_TRC_WRA_02_Init.c */ = {isa = PBXFileReference; fileEncoding = 4; lastKnownFileType = sourcecode.c.c; name = BP_1I_D32F32Cll_TRC_WRA_02_Init.c; path = ../../Common/src/BP_1I_D32F32Cll_TRC_WRA_02_Init.c; sourceTree = "<group>"; };
		6567444E1B35B50400D96DAD /* BP_1I_D32F32Cll_TRC_WRA_02_Private.h */ = {isa = PBXFileReference; fileEncoding = 4; lastKnownFileType = sourcecode.c.h; name = BP_1I_D32F32Cll_TRC_WRA_02_Private.h; path = ../../Common/src/BP_1I_D32F32Cll_TRC_WRA_02_Private.h; sourceTree = "<group>"; };
		6567444F1B35B50400D96DAD /* BQ_1I_D16F16C15_TRC_WRA_01.c */ = {isa = PBXFileReference; fileEncoding = 4; lastKnownFileType = sourcecode.c.c; name = BQ_1I_D16F16C15_TRC_WRA_01.c; path = ../../Common/src/BQ_1I_D16F16C15_TRC_WRA_01.c; sourceTree = "<group>"; };
		656744501B35B50400D96DAD /* BQ_1I_D16F16Css_TRC_WRA_01_Init.c */ = {isa = PBXFileReference; fileEncoding = 4; lastKnownFileType = sourcecode.c.c; name = BQ_1I_D16F16Css_TRC_WRA_01_Init.c; path = ../../Common/src/BQ_1I_D16F16Css_TRC_WRA_01_Init.c; sourceTree = "<group>"; };
		656744511B35B50400D96DAD /* BQ_1I_D16F16Css_TRC_WRA_01_Private.h */ = {isa = PBXFileReference; fileEncoding = 4; lastKnownFileType = sourcecode.c.h; name = BQ_1I_D16F16Css_TRC_WRA_01_Private.h; path = ../../Common/src/BQ_1I_D16F16Css_TRC_WRA_01_Private.h; sourceTree = "<group>"; };
		656744521B35B50400D96DAD /* BQ_1I_D16F32C14_TRC_WRA_01.c */ = {isa = PBXFileReference; fileEncoding = 4; lastKnownFileType = sourcecode.c.c; name = BQ_1I_D16F32C14_TRC_WRA_01.c; path = ../../Common/src/BQ_1I_D16F32C14_TRC_WRA_01.c; sourceTree = "<group>"; };
		656744531B35B50400D96DAD /* BQ_1I_D16F32Css_TRC_WRA_01_init.c */ = {isa = PBXFileReference; fileEncoding = 4; lastKnownFileType = sourcecode.c.c; name = BQ_1I_D16F32Css_TRC_WRA_01_init.c; path = ../../Common/src/BQ_1I_D16F32Css_TRC_WRA_01_init.c; sourceTree = "<group>"; };
		656744541B35B50400D96DAD /* BQ_1I_D16F32Css_TRC_WRA_01_Private.h */ = {isa = PBXFileReference; fileEncoding = 4; lastKnownFileType = sourcecode.c.h; name = BQ_1I_D16F32Css_TRC_WRA_01_Private.h; path = ../../Common/src/BQ_1I_D16F32Css_TRC_WRA_01_Private.h; sourceTree = "<group>"; };
		656744551B35B50400D96DAD /* BQ_2I_D16F16C14_TRC_WRA_01.c */ = {isa = PBXFileReference; fileEncoding = 4; lastKnownFileType = sourcecode.c.c; name = BQ_2I_D16F16C14_TRC_WRA_01.c; path = ../../Common/src/BQ_2I_D16F16C14_TRC_WRA_01.c; sourceTree = "<group>"; };
		656744561B35B50400D96DAD /* BQ_2I_D16F16C15_TRC_WRA_01.c */ = {isa = PBXFileReference; fileEncoding = 4; lastKnownFileType = sourcecode.c.c; name = BQ_2I_D16F16C15_TRC_WRA_01.c; path = ../../Common/src/BQ_2I_D16F16C15_TRC_WRA_01.c; sourceTree = "<group>"; };
		656744571B35B50400D96DAD /* BQ_2I_D16F16Css_TRC_WRA_01_Init.c */ = {isa = PBXFileReference; fileEncoding = 4; lastKnownFileType = sourcecode.c.c; name = BQ_2I_D16F16Css_TRC_WRA_01_Init.c; path = ../../Common/src/BQ_2I_D16F16Css_TRC_WRA_01_Init.c; sourceTree = "<group>"; };
		656744581B35B50400D96DAD /* BQ_2I_D16F16Css_TRC_WRA_01_Private.h */ = {isa = PBXFileReference; fileEncoding = 4; lastKnownFileType = sourcecode.c.h; name = BQ_2I_D16F16Css_TRC_WRA_01_Private.h; path = ../../Common/src/BQ_2I_D16F16Css_TRC_WRA_01_Private.h; sourceTree = "<group>"; };
		656744591B35B50400D96DAD /* BQ_2I_D16F32C13_TRC_WRA_01.c */ = {isa = PBXFileReference; fileEncoding = 4; lastKnownFileType = sourcecode.c.c; name = BQ_2I_D16F32C13_TRC_WRA_01.c; path = ../../Common/src/BQ_2I_D16F32C13_TRC_WRA_01.c; sourceTree = "<group>"; };
		6567445A1B35B50400D96DAD /* BQ_2I_D16F32C14_TRC_WRA_01.c */ = {isa = PBXFileReference; fileEncoding = 4; lastKnownFileType = sourcecode.c.c; name = BQ_2I_D16F32C14_TRC_WRA_01.c; path = ../../Common/src/BQ_2I_D16F32C14_TRC_WRA_01.c; sourceTree = "<group>"; };
		6567445B1B35B50400D96DAD /* BQ_2I_D16F32C15_TRC_WRA_01.c */ = {isa = PBXFileReference; fileEncoding = 4; lastKnownFileType = sourcecode.c.c; name = BQ_2I_D16F32C15_TRC_WRA_01.c; path = ../../Common/src/BQ_2I_D16F32C15_TRC_WRA_01.c; sourceTree = "<group>"; };
		6567445C1B35B50400D96DAD /* BQ_2I_D16F32Css_TRC_WRA_01_init.c */ = {isa = PBXFileReference; fileEncoding = 4; lastKnownFileType = sourcecode.c.c; name = BQ_2I_D16F32Css_TRC_WRA_01_init.c; path = ../../Common/src/BQ_2I_D16F32Css_TRC_WRA_01_init.c; sourceTree = "<group>"; };
		6567445D1B35B50400D96DAD /* BQ_2I_D16F32Css_TRC_WRA_01_Private.h */ = {isa = PBXFileReference; fileEncoding = 4; lastKnownFileType = sourcecode.c.h; name = BQ_2I_D16F32Css_TRC_WRA_01_Private.h; path = ../../Common/src/BQ_2I_D16F32Css_TRC_WRA_01_Private.h; sourceTree = "<group>"; };
		6567445E1B35B50400D96DAD /* BQ_2I_D32F32C30_TRC_WRA_01.c */ = {isa = PBXFileReference; fileEncoding = 4; lastKnownFileType = sourcecode.c.c; name = BQ_2I_D32F32C30_TRC_WRA_01.c; path = ../../Common/src/BQ_2I_D32F32C30_TRC_WRA_01.c; sourceTree = "<group>"; };
		6567445F1B35B50400D96DAD /* BQ_2I_D32F32Cll_TRC_WRA_01_Init.c */ = {isa = PBXFileReference; fileEncoding = 4; lastKnownFileType = sourcecode.c.c; name = BQ_2I_D32F32Cll_TRC_WRA_01_Init.c; path = ../../Common/src/BQ_2I_D32F32Cll_TRC_WRA_01_Init.c; sourceTree = "<group>"; };
		656744601B35B50400D96DAD /* BQ_2I_D32F32Cll_TRC_WRA_01_Private.h */ = {isa = PBXFileReference; fileEncoding = 4; lastKnownFileType = sourcecode.c.h; name = BQ_2I_D32F32Cll_TRC_WRA_01_Private.h; path = ../../Common/src/BQ_2I_D32F32Cll_TRC_WRA_01_Private.h; sourceTree = "<group>"; };
		656744611B35B50400D96DAD /* CompLim_private.h */ = {isa = PBXFileReference; fileEncoding = 4; lastKnownFileType = sourcecode.c.h; name = CompLim_private.h; path = ../../Common/src/CompLim_private.h; sourceTree = "<group>"; };
		656744621B35B50400D96DAD /* Copy_16.c */ = {isa = PBXFileReference; fileEncoding = 4; lastKnownFileType = sourcecode.c.c; name = Copy_16.c; path = ../../Common/src/Copy_16.c; sourceTree = "<group>"; };
		656744631B35B50400D96DAD /* Core_MixHard_2St_D32C31_SAT.c */ = {isa = PBXFileReference; fileEncoding = 4; lastKnownFileType = sourcecode.c.c; name = Core_MixHard_2St_D32C31_SAT.c; path = ../../Common/src/Core_MixHard_2St_D32C31_SAT.c; sourceTree = "<group>"; };
		656744641B35B50400D96DAD /* Core_MixInSoft_D32C31_SAT.c */ = {isa = PBXFileReference; fileEncoding = 4; lastKnownFileType = sourcecode.c.c; name = Core_MixInSoft_D32C31_SAT.c; path = ../../Common/src/Core_MixInSoft_D32C31_SAT.c; sourceTree = "<group>"; };
		656744651B35B50400D96DAD /* Core_MixSoft_1St_D32C31_WRA.c */ = {isa = PBXFileReference; fileEncoding = 4; lastKnownFileType = sourcecode.c.c; name = Core_MixSoft_1St_D32C31_WRA.c; path = ../../Common/src/Core_MixSoft_1St_D32C31_WRA.c; sourceTree = "<group>"; };
		656744661B35B50400D96DAD /* dB_to_Lin32.c */ = {isa = PBXFileReference; fileEncoding = 4; lastKnownFileType = sourcecode.c.c; name = dB_to_Lin32.c; path = ../../Common/src/dB_to_Lin32.c; sourceTree = "<group>"; };
		656744671B35B50400D96DAD /* DC_2I_D16_TRC_WRA_01_Init.c */ = {isa = PBXFileReference; fileEncoding = 4; lastKnownFileType = sourcecode.c.c; name = DC_2I_D16_TRC_WRA_01_Init.c; path = ../../Common/src/DC_2I_D16_TRC_WRA_01_Init.c; sourceTree = "<group>"; };
		656744681B35B50400D96DAD /* DC_2I_D16_TRC_WRA_01_Private.h */ = {isa = PBXFileReference; fileEncoding = 4; lastKnownFileType = sourcecode.c.h; name = DC_2I_D16_TRC_WRA_01_Private.h; path = ../../Common/src/DC_2I_D16_TRC_WRA_01_Private.h; sourceTree = "<group>"; };
		656744691B35B50400D96DAD /* DC_2I_D16_TRC_WRA_01.c */ = {isa = PBXFileReference; fileEncoding = 4; lastKnownFileType = sourcecode.c.c; name = DC_2I_D16_TRC_WRA_01.c; path = ../../Common/src/DC_2I_D16_TRC_WRA_01.c; sourceTree = "<group>"; };
		6567446A1B35B50400D96DAD /* DelayAllPass_Sat_32x16To32.c */ = {isa = PBXFileReference; fileEncoding = 4; lastKnownFileType = sourcecode.c.c; name = DelayAllPass_Sat_32x16To32.c; path = ../../Common/src/DelayAllPass_Sat_32x16To32.c; sourceTree = "<group>"; };
		6567446B1B35B50400D96DAD /* DelayMix_16x16.c */ = {isa = PBXFileReference; fileEncoding = 4; lastKnownFileType = sourcecode.c.c; name = DelayMix_16x16.c; path = ../../Common/src/DelayMix_16x16.c; sourceTree = "<group>"; };
		6567446C1B35B50400D96DAD /* DelayWrite_32.c */ = {isa = PBXFileReference; fileEncoding = 4; lastKnownFileType = sourcecode.c.c; name = DelayWrite_32.c; path = ../../Common/src/DelayWrite_32.c; sourceTree = "<group>"; };
		6567446D1B35B50400D96DAD /* Filters.h */ = {isa = PBXFileReference; fileEncoding = 4; lastKnownFileType = sourcecode.c.h; name = Filters.h; path = ../../Common/src/Filters.h; sourceTree = "<group>"; };
		6567446E1B35B50400D96DAD /* FO_1I_D16F16C15_TRC_WRA_01.c */ = {isa = PBXFileReference; fileEncoding = 4; lastKnownFileType = sourcecode.c.c; name = FO_1I_D16F16C15_TRC_WRA_01.c; path = ../../Common/src/FO_1I_D16F16C15_TRC_WRA_01.c; sourceTree = "<group>"; };
		6567446F1B35B50400D96DAD /* FO_1I_D16F16Css_TRC_WRA_01_Init.c */ = {isa = PBXFileReference; fileEncoding = 4; lastKnownFileType = sourcecode.c.c; name = FO_1I_D16F16Css_TRC_WRA_01_Init.c; path = ../../Common/src/FO_1I_D16F16Css_TRC_WRA_01_Init.c; sourceTree = "<group>"; };
		656744701B35B50400D96DAD /* FO_1I_D16F16Css_TRC_WRA_01_Private.h */ = {isa = PBXFileReference; fileEncoding = 4; lastKnownFileType = sourcecode.c.h; name = FO_1I_D16F16Css_TRC_WRA_01_Private.h; path = ../../Common/src/FO_1I_D16F16Css_TRC_WRA_01_Private.h; sourceTree = "<group>"; };
		656744711B35B50400D96DAD /* FO_1I_D32F32C31_TRC_WRA_01.c */ = {isa = PBXFileReference; fileEncoding = 4; lastKnownFileType = sourcecode.c.c; name = FO_1I_D32F32C31_TRC_WRA_01.c; path = ../../Common/src/FO_1I_D32F32C31_TRC_WRA_01.c; sourceTree = "<group>"; };
		656744721B35B50400D96DAD /* FO_1I_D32F32Cll_TRC_WRA_01_Init.c */ = {isa = PBXFileReference; fileEncoding = 4; lastKnownFileType = sourcecode.c.c; name = FO_1I_D32F32Cll_TRC_WRA_01_Init.c; path = ../../Common/src/FO_1I_D32F32Cll_TRC_WRA_01_Init.c; sourceTree = "<group>"; };
		656744731B35B50400D96DAD /* FO_1I_D32F32Cll_TRC_WRA_01_Private.h */ = {isa = PBXFileReference; fileEncoding = 4; lastKnownFileType = sourcecode.c.h; name = FO_1I_D32F32Cll_TRC_WRA_01_Private.h; path = ../../Common/src/FO_1I_D32F32Cll_TRC_WRA_01_Private.h; sourceTree = "<group>"; };
		656744741B35B50400D96DAD /* FO_2I_D16F32C15_LShx_TRC_WRA_01.c */ = {isa = PBXFileReference; fileEncoding = 4; lastKnownFileType = sourcecode.c.c; name = FO_2I_D16F32C15_LShx_TRC_WRA_01.c; path = ../../Common/src/FO_2I_D16F32C15_LShx_TRC_WRA_01.c; sourceTree = "<group>"; };
		656744751B35B50400D96DAD /* FO_2I_D16F32Css_LShx_TRC_WRA_01_Init.c */ = {isa = PBXFileReference; fileEncoding = 4; lastKnownFileType = sourcecode.c.c; name = FO_2I_D16F32Css_LShx_TRC_WRA_01_Init.c; path = ../../Common/src/FO_2I_D16F32Css_LShx_TRC_WRA_01_Init.c; sourceTree = "<group>"; };
		656744761B35B50400D96DAD /* FO_2I_D16F32Css_LShx_TRC_WRA_01_Private.h */ = {isa = PBXFileReference; fileEncoding = 4; lastKnownFileType = sourcecode.c.h; name = FO_2I_D16F32Css_LShx_TRC_WRA_01_Private.h; path = ../../Common/src/FO_2I_D16F32Css_LShx_TRC_WRA_01_Private.h; sourceTree = "<group>"; };
		656744771B35B50400D96DAD /* From2iToMono_16.c */ = {isa = PBXFileReference; fileEncoding = 4; lastKnownFileType = sourcecode.c.c; name = From2iToMono_16.c; path = ../../Common/src/From2iToMono_16.c; sourceTree = "<group>"; };
		656744781B35B50400D96DAD /* From2iToMono_32.c */ = {isa = PBXFileReference; fileEncoding = 4; lastKnownFileType = sourcecode.c.c; name = From2iToMono_32.c; path = ../../Common/src/From2iToMono_32.c; sourceTree = "<group>"; };
		656744791B35B50400D96DAD /* From2iToMS_16x16.c */ = {isa = PBXFileReference; fileEncoding = 4; lastKnownFileType = sourcecode.c.c; name = From2iToMS_16x16.c; path = ../../Common/src/From2iToMS_16x16.c; sourceTree = "<group>"; };
		6567447A1B35B50400D96DAD /* InstAlloc.c */ = {isa = PBXFileReference; fileEncoding = 4; lastKnownFileType = sourcecode.c.c; name = InstAlloc.c; path = ../../Common/src/InstAlloc.c; sourceTree = "<group>"; };
		6567447B1B35B50400D96DAD /* Int16LShiftToInt32_16x32.c */ = {isa = PBXFileReference; fileEncoding = 4; lastKnownFileType = sourcecode.c.c; name = Int16LShiftToInt32_16x32.c; path = ../../Common/src/Int16LShiftToInt32_16x32.c; sourceTree = "<group>"; };
		6567447C1B35B50400D96DAD /* Int32RShiftToInt16_Sat_32x16.c */ = {isa = PBXFileReference; fileEncoding = 4; lastKnownFileType = sourcecode.c.c; name = Int32RShiftToInt16_Sat_32x16.c; path = ../../Common/src/Int32RShiftToInt16_Sat_32x16.c; sourceTree = "<group>"; };
		6567447D1B35B50400D96DAD /* JoinTo2i_32x32.c */ = {isa = PBXFileReference; fileEncoding = 4; lastKnownFileType = sourcecode.c.c; name = JoinTo2i_32x32.c; path = ../../Common/src/JoinTo2i_32x32.c; sourceTree = "<group>"; };
		6567447E1B35B50400D96DAD /* LoadConst_16.c */ = {isa = PBXFileReference; fileEncoding = 4; lastKnownFileType = sourcecode.c.c; name = LoadConst_16.c; path = ../../Common/src/LoadConst_16.c; sourceTree = "<group>"; };
		6567447F1B35B50400D96DAD /* LoadConst_32.c */ = {isa = PBXFileReference; fileEncoding = 4; lastKnownFileType = sourcecode.c.c; name = LoadConst_32.c; path = ../../Common/src/LoadConst_32.c; sourceTree = "<group>"; };
		656744801B35B50400D96DAD /* LVC_Core_MixHard_1St_2i_D16C31_SAT.c */ = {isa = PBXFileReference; fileEncoding = 4; lastKnownFileType = sourcecode.c.c; name = LVC_Core_MixHard_1St_2i_D16C31_SAT.c; path = ../../Common/src/LVC_Core_MixHard_1St_2i_D16C31_SAT.c; sourceTree = "<group>"; };
		656744811B35B50400D96DAD /* LVC_Core_MixHard_2St_D16C31_SAT.c */ = {isa = PBXFileReference; fileEncoding = 4; lastKnownFileType = sourcecode.c.c; name = LVC_Core_MixHard_2St_D16C31_SAT.c; path = ../../Common/src/LVC_Core_MixHard_2St_D16C31_SAT.c; sourceTree = "<group>"; };
		656744821B35B50400D96DAD /* LVC_Core_MixInSoft_D16C31_SAT.c */ = {isa = PBXFileReference; fileEncoding = 4; lastKnownFileType = sourcecode.c.c; name = LVC_Core_MixInSoft_D16C31_SAT.c; path = ../../Common/src/LVC_Core_MixInSoft_D16C31_SAT.c; sourceTree = "<group>"; };
		656744831B35B50400D96DAD /* LVC_Core_MixSoft_1St_2i_D16C31_WRA.c */ = {isa = PBXFileReference; fileEncoding = 4; lastKnownFileType = sourcecode.c.c; name = LVC_Core_MixSoft_1St_2i_D16C31_WRA.c; path = ../../Common/src/LVC_Core_MixSoft_1St_2i_D16C31_WRA.c; sourceTree = "<group>"; };
		656744841B35B50400D96DAD /* LVC_Core_MixSoft_1St_D16C31_WRA.c */ = {isa = PBXFileReference; fileEncoding = 4; lastKnownFileType = sourcecode.c.c; name = LVC_Core_MixSoft_1St_D16C31_WRA.c; path = ../../Common/src/LVC_Core_MixSoft_1St_D16C31_WRA.c; sourceTree = "<group>"; };
		656744851B35B50400D96DAD /* LVC_Mixer_GetCurrent.c */ = {isa = PBXFileReference; fileEncoding = 4; lastKnownFileType = sourcecode.c.c; name = LVC_Mixer_GetCurrent.c; path = ../../Common/src/LVC_Mixer_GetCurrent.c; sourceTree = "<group>"; };
		656744861B35B50400D96DAD /* LVC_Mixer_GetTarget.c */ = {isa = PBXFileReference; fileEncoding = 4; lastKnownFileType = sourcecode.c.c; name = LVC_Mixer_GetTarget.c; path = ../../Common/src/LVC_Mixer_GetTarget.c; sourceTree = "<group>"; };
		656744871B35B50400D96DAD /* LVC_Mixer_Init.c */ = {isa = PBXFileReference; fileEncoding = 4; lastKnownFileType = sourcecode.c.c; name = LVC_Mixer_Init.c; path = ../../Common/src/LVC_Mixer_Init.c; sourceTree = "<group>"; };
		656744881B35B50400D96DAD /* LVC_Mixer_Private.h */ = {isa = PBXFileReference; fileEncoding = 4; lastKnownFileType = sourcecode.c.h; name = LVC_Mixer_Private.h; path = ../../Common/src/LVC_Mixer_Private.h; sourceTree = "<group>"; };
		656744891B35B50400D96DAD /* LVC_Mixer_SetTarget.c */ = {isa = PBXFileReference; fileEncoding = 4; lastKnownFileType = sourcecode.c.c; name = LVC_Mixer_SetTarget.c; path = ../../Common/src/LVC_Mixer_SetTarget.c; sourceTree = "<group>"; };
		6567448A1B35B50400D96DAD /* LVC_Mixer_SetTimeConstant.c */ = {isa = PBXFileReference; fileEncoding = 4; lastKnownFileType = sourcecode.c.c; name = LVC_Mixer_SetTimeConstant.c; path = ../../Common/src/LVC_Mixer_SetTimeConstant.c; sourceTree = "<group>"; };
		6567448B1B35B50400D96DAD /* LVC_Mixer_VarSlope_SetTimeConstant.c */ = {isa = PBXFileReference; fileEncoding = 4; lastKnownFileType = sourcecode.c.c; name = LVC_Mixer_VarSlope_SetTimeConstant.c; path = ../../Common/src/LVC_Mixer_VarSlope_SetTimeConstant.c; sourceTree = "<group>"; };
		6567448C1B35B50400D96DAD /* LVC_Mixer.h */ = {isa = PBXFileReference; fileEncoding = 4; lastKnownFileType = sourcecode.c.h; name = LVC_Mixer.h; path = ../../Common/src/LVC_Mixer.h; sourceTree = "<group>"; };
		6567448D1B35B50400D96DAD /* LVC_MixInSoft_D16C31_SAT.c */ = {isa = PBXFileReference; fileEncoding = 4; lastKnownFileType = sourcecode.c.c; name = LVC_MixInSoft_D16C31_SAT.c; path = ../../Common/src/LVC_MixInSoft_D16C31_SAT.c; sourceTree = "<group>"; };
		6567448E1B35B50400D96DAD /* LVC_MixSoft_1St_2i_D16C31_SAT.c */ = {isa = PBXFileReference; fileEncoding = 4; lastKnownFileType = sourcecode.c.c; name = LVC_MixSoft_1St_2i_D16C31_SAT.c; path = ../../Common/src/LVC_MixSoft_1St_2i_D16C31_SAT.c; sourceTree = "<group>"; };
		6567448F1B35B50400D96DAD /* LVC_MixSoft_1St_D16C31_SAT.c */ = {isa = PBXFileReference; fileEncoding = 4; lastKnownFileType = sourcecode.c.c; name = LVC_MixSoft_1St_D16C31_SAT.c; path = ../../Common/src/LVC_MixSoft_1St_D16C31_SAT.c; sourceTree = "<group>"; };
		656744901B35B50400D96DAD /* LVC_MixSoft_2St_D16C31_SAT.c */ = {isa = PBXFileReference; fileEncoding = 4; lastKnownFileType = sourcecode.c.c; name = LVC_MixSoft_2St_D16C31_SAT.c; path = ../../Common/src/LVC_MixSoft_2St_D16C31_SAT.c; sourceTree = "<group>"; };
		656744911B35B50400D96DAD /* LVM_FO_HPF.c */ = {isa = PBXFileReference; fileEncoding = 4; lastKnownFileType = sourcecode.c.c; name = LVM_FO_HPF.c; path = ../../Common/src/LVM_FO_HPF.c; sourceTree = "<group>"; };
		656744921B35B50400D96DAD /* LVM_FO_LPF.c */ = {isa = PBXFileReference; fileEncoding = 4; lastKnownFileType = sourcecode.c.c; name = LVM_FO_LPF.c; path = ../../Common/src/LVM_FO_LPF.c; sourceTree = "<group>"; };
		656744931B35B50400D96DAD /* LVM_GetOmega.c */ = {isa = PBXFileReference; fileEncoding = 4; lastKnownFileType = sourcecode.c.c; name = LVM_GetOmega.c; path = ../../Common/src/LVM_GetOmega.c; sourceTree = "<group>"; };
		656744941B35B50400D96DAD /* LVM_Mixer_FilterCoeffs.h */ = {isa = PBXFileReference; fileEncoding = 4; lastKnownFileType = sourcecode.c.h; name = LVM_Mixer_FilterCoeffs.h; path = ../../Common/src/LVM_Mixer_FilterCoeffs.h; sourceTree = "<group>"; };
		656744951B35B50400D96DAD /* LVM_Mixer_TimeConstant.c */ = {isa = PBXFileReference; fileEncoding = 4; lastKnownFileType = sourcecode.c.c; name = LVM_Mixer_TimeConstant.c; path = ../../Common/src/LVM_Mixer_TimeConstant.c; sourceTree = "<group>"; };
		656744961B35B50400D96DAD /* LVM_Polynomial.c */ = {isa = PBXFileReference; fileEncoding = 4; lastKnownFileType = sourcecode.c.c; name = LVM_Polynomial.c; path = ../../Common/src/LVM_Polynomial.c; sourceTree = "<group>"; };
		656744971B35B50400D96DAD /* LVM_Power10.c */ = {isa = PBXFileReference; fileEncoding = 4; lastKnownFileType = sourcecode.c.c; name = LVM_Power10.c; path = ../../Common/src/LVM_Power10.c; sourceTree = "<group>"; };
		656744981B35B50400D96DAD /* LVM_Timer_Init.c */ = {isa = PBXFileReference; fileEncoding = 4; lastKnownFileType = sourcecode.c.c; name = LVM_Timer_Init.c; path = ../../Common/src/LVM_Timer_Init.c; sourceTree = "<group>"; };
		656744991B35B50400D96DAD /* LVM_Timer_Private.h */ = {isa = PBXFileReference; fileEncoding = 4; lastKnownFileType = sourcecode.c.h; name = LVM_Timer_Private.h; path = ../../Common/src/LVM_Timer_Private.h; sourceTree = "<group>"; };
		6567449A1B35B50400D96DAD /* LVM_Timer.c */ = {isa = PBXFileReference; fileEncoding = 4; lastKnownFileType = sourcecode.c.c; name = LVM_Timer.c; path = ../../Common/src/LVM_Timer.c; sourceTree = "<group>"; };
		6567449B1B35B50400D96DAD /* Mac3s_Sat_16x16.c */ = {isa = PBXFileReference; fileEncoding = 4; lastKnownFileType = sourcecode.c.c; name = Mac3s_Sat_16x16.c; path = ../../Common/src/Mac3s_Sat_16x16.c; sourceTree = "<group>"; };
		6567449C1B35B50400D96DAD /* Mac3s_Sat_32x16.c */ = {isa = PBXFileReference; fileEncoding = 4; lastKnownFileType = sourcecode.c.c; name = Mac3s_Sat_32x16.c; path = ../../Common/src/Mac3s_Sat_32x16.c; sourceTree = "<group>"; };
		6567449D1B35B50400D96DAD /* Mixer_private.h */ = {isa = PBXFileReference; fileEncoding = 4; lastKnownFileType = sourcecode.c.h; name = Mixer_private.h; path = ../../Common/src/Mixer_private.h; sourceTree = "<group>"; };
		6567449E1B35B50400D96DAD /* MixInSoft_D32C31_SAT.c */ = {isa = PBXFileReference; fileEncoding = 4; lastKnownFileType = sourcecode.c.c; name = MixInSoft_D32C31_SAT.c; path = ../../Common/src/MixInSoft_D32C31_SAT.c; sourceTree = "<group>"; };
		6567449F1B35B50400D96DAD /* MixSoft_1St_D32C31_WRA.c */ = {isa = PBXFileReference; fileEncoding = 4; lastKnownFileType = sourcecode.c.c; name = MixSoft_1St_D32C31_WRA.c; path = ../../Common/src/MixSoft_1St_D32C31_WRA.c; sourceTree = "<group>"; };
		656744A01B35B50400D96DAD /* MixSoft_2St_D32C31_SAT.c */ = {isa = PBXFileReference; fileEncoding = 4; lastKnownFileType = sourcecode.c.c; name = MixSoft_2St_D32C31_SAT.c; path = ../../Common/src/MixSoft_2St_D32C31_SAT.c; sourceTree = "<group>"; };
		656744A11B35B50400D96DAD /* MonoTo2I_16.c */ = {isa = PBXFileReference; fileEncoding = 4; lastKnownFileType = sourcecode.c.c; name = MonoTo2I_16.c; path = ../../Common/src/MonoTo2I_16.c; sourceTree = "<group>"; };
		656744A21B35B50400D96DAD /* MonoTo2I_32.c */ = {isa = PBXFileReference; fileEncoding = 4; lastKnownFileType = sourcecode.c.c; name = MonoTo2I_32.c; path = ../../Common/src/MonoTo2I_32.c; sourceTree = "<group>"; };
		656744A31B35B50400D96DAD /* MSTo2i_Sat_16x16.c */ = {isa = PBXFileReference; fileEncoding = 4; lastKnownFileType = sourcecode.c.c; name = MSTo2i_Sat_16x16.c; path = ../../Common/src/MSTo2i_Sat_16x16.c; sourceTree = "<group>"; };
		656744A41B35B50400D96DAD /* mult3s_16x16.c */ = {isa = PBXFileReference; fileEncoding = 4; lastKnownFileType = sourcecode.c.c; name = mult3s_16x16.c; path = ../../Common/src/mult3s_16x16.c; sourceTree = "<group>"; };
		656744A51B35B50400D96DAD /* Mult3s_32x16.c */ = {isa = PBXFileReference; fileEncoding = 4; lastKnownFileType = sourcecode.c.c; name = Mult3s_32x16.c; path = ../../Common/src/Mult3s_32x16.c; sourceTree = "<group>"; };
		656744A61B35B50400D96DAD /* NonLinComp_D16.c */ = {isa = PBXFileReference; fileEncoding = 4; lastKnownFileType = sourcecode.c.c; name = NonLinComp_D16.c; path = ../../Common/src/NonLinComp_D16.c; sourceTree = "<group>"; };
		656744A71B35B50400D96DAD /* PK_2I_D32F32C14G11_TRC_WRA_01.c */ = {isa = PBXFileReference; fileEncoding = 4; lastKnownFileType = sourcecode.c.c; name = PK_2I_D32F32C14G11_TRC_WRA_01.c; path = ../../Common/src/PK_2I_D32F32C14G11_TRC_WRA_01.c; sourceTree = "<group>"; };
		656744A81B35B50400D96DAD /* PK_2I_D32F32C30G11_TRC_WRA_01.c */ = {isa = PBXFileReference; fileEncoding = 4; lastKnownFileType = sourcecode.c.c; name = PK_2I_D32F32C30G11_TRC_WRA_01.c; path = ../../Common/src/PK_2I_D32F32C30G11_TRC_WRA_01.c; sourceTree = "<group>"; };
		656744A91B35B50400D96DAD /* PK_2I_D32F32CllGss_TRC_WRA_01_Init.c */ = {isa = PBXFileReference; fileEncoding = 4; lastKnownFileType = sourcecode.c.c; name = PK_2I_D32F32CllGss_TRC_WRA_01_Init.c; path = ../../Common/src/PK_2I_D32F32CllGss_TRC_WRA_01_Init.c; sourceTree = "<group>"; };
		656744AA1B35B50400D96DAD /* PK_2I_D32F32CllGss_TRC_WRA_01_Private.h */ = {isa = PBXFileReference; fileEncoding = 4; lastKnownFileType = sourcecode.c.h; name = PK_2I_D32F32CllGss_TRC_WRA_01_Private.h; path = ../../Common/src/PK_2I_D32F32CllGss_TRC_WRA_01_Private.h; sourceTree = "<group>"; };
		656744AB1B35B50400D96DAD /* PK_2I_D32F32CssGss_TRC_WRA_01_Init.c */ = {isa = PBXFileReference; fileEncoding = 4; lastKnownFileType = sourcecode.c.c; name = PK_2I_D32F32CssGss_TRC_WRA_01_Init.c; path = ../../Common/src/PK_2I_D32F32CssGss_TRC_WRA_01_Init.c; sourceTree = "<group>"; };
		656744AC1B35B50400D96DAD /* PK_2I_D32F32CssGss_TRC_WRA_01_Private.h */ = {isa = PBXFileReference; fileEncoding = 4; lastKnownFileType = sourcecode.c.h; name = PK_2I_D32F32CssGss_TRC_WRA_01_Private.h; path = ../../Common/src/PK_2I_D32F32CssGss_TRC_WRA_01_Private.h; sourceTree = "<group>"; };
		656744AD1B35B50400D96DAD /* Shift_Sat_v16xv16.c */ = {isa = PBXFileReference; fileEncoding = 4; lastKnownFileType = sourcecode.c.c; name = Shift_Sat_v16xv16.c; path = ../../Common/src/Shift_Sat_v16xv16.c; sourceTree = "<group>"; };
		656744AE1B35B50400D96DAD /* Shift_Sat_v32xv32.c */ = {isa = PBXFileReference; fileEncoding = 4; lastKnownFileType = sourcecode.c.c; name = Shift_Sat_v32xv32.c; path = ../../Common/src/Shift_Sat_v32xv32.c; sourceTree = "<group>"; };
		6567451C1B35B51300D96DAD /* audio_effect.h */ = {isa = PBXFileReference; fileEncoding = 4; lastKnownFileType = sourcecode.c.h; name = audio_effect.h; path = ../../hardware/audio_effect.h; sourceTree = "<group>"; };
		6567451E1B35B51F00D96DAD /* LVREV.h */ = {isa = PBXFileReference; fileEncoding = 4; lastKnownFileType = sourcecode.c.h; name = LVREV.h; path = ../../Reverb/lib/LVREV.h; sourceTree = "<group>"; };
		656745201B35B52D00D96DAD /* LVREV_ApplyNewSettings.c */ = {isa = PBXFileReference; fileEncoding = 4; lastKnownFileType = sourcecode.c.c; name = LVREV_ApplyNewSettings.c; path = ../../Reverb/src/LVREV_ApplyNewSettings.c; sourceTree = "<group>"; };
		656745211B35B52D00D96DAD /* LVREV_ClearAudioBuffers.c */ = {isa = PBXFileReference; fileEncoding = 4; lastKnownFileType = sourcecode.c.c; name = LVREV_ClearAudioBuffers.c; path = ../../Reverb/src/LVREV_ClearAudioBuffers.c; sourceTree = "<group>"; };
		656745221B35B52D00D96DAD /* LVREV_GetControlParameters.c */ = {isa = PBXFileReference; fileEncoding = 4; lastKnownFileType = sourcecode.c.c; name = LVREV_GetControlParameters.c; path = ../../Reverb/src/LVREV_GetControlParameters.c; sourceTree = "<group>"; };
		656745231B35B52D00D96DAD /* LVREV_GetInstanceHandle.c */ = {isa = PBXFileReference; fileEncoding = 4; lastKnownFileType = sourcecode.c.c; name = LVREV_GetInstanceHandle.c; path = ../../Reverb/src/LVREV_GetInstanceHandle.c; sourceTree = "<group>"; };
		656745241B35B52D00D96DAD /* LVREV_GetMemoryTable.c */ = {isa = PBXFileReference; fileEncoding = 4; lastKnownFileType = sourcecode.c.c; name = LVREV_GetMemoryTable.c; path = ../../Reverb/src/LVREV_GetMemoryTable.c; sourceTree = "<group>"; };
		656745251B35B52E00D96DAD /* LVREV_Private.h */ = {isa = PBXFileReference; fileEncoding = 4; lastKnownFileType = sourcecode.c.h; name = LVREV_Private.h; path = ../../Reverb/src/LVREV_Private.h; sourceTree = "<group>"; };
		656745261B35B52E00D96DAD /* LVREV_Process.c */ = {isa = PBXFileReference; fileEncoding = 4; lastKnownFileType = sourcecode.c.c; name = LVREV_Process.c; path = ../../Reverb/src/LVREV_Process.c; sourceTree = "<group>"; };
		656745271B35B52E00D96DAD /* LVREV_SetControlParameters.c */ = {isa = PBXFileReference; fileEncoding = 4; lastKnownFileType = sourcecode.c.c; name = LVREV_SetControlParameters.c; path = ../../Reverb/src/LVREV_SetControlParameters.c; sourceTree = "<group>"; };
		656745281B35B52E00D96DAD /* LVREV_Tables.c */ = {isa = PBXFileReference; fileEncoding = 4; lastKnownFileType = sourcecode.c.c; name = LVREV_Tables.c; path = ../../Reverb/src/LVREV_Tables.c; sourceTree = "<group>"; };
		656745291B35B52E00D96DAD /* LVREV_Tables.h */ = {isa = PBXFileReference; fileEncoding = 4; lastKnownFileType = sourcecode.c.h; name = LVREV_Tables.h; path = ../../Reverb/src/LVREV_Tables.h; sourceTree = "<group>"; };
		656745341B35B53C00D96DAD /* ReverbLibrary.c */ = {isa = PBXFileReference; fileEncoding = 4; lastKnownFileType = sourcecode.c.c; name = ReverbLibrary.c; path = ../../Wrapper/ReverbLibrary.c; sourceTree = "<group>"; };
		656745351B35B53C00D96DAD /* ReverbLibrary.h */ = {isa = PBXFileReference; fileEncoding = 4; lastKnownFileType = sourcecode.c.h; name = ReverbLibrary.h; path = ../../Wrapper/ReverbLibrary.h; sourceTree = "<group>"; };
/* End PBXFileReference section */

/* Begin PBXFrameworksBuildPhase section */
		6567441C1B35B4A500D96DAD /* Frameworks */ = {
			isa = PBXFrameworksBuildPhase;
			buildActionMask = 2147483647;
			files = (
			);
			runOnlyForDeploymentPostprocessing = 0;
		};
/* End PBXFrameworksBuildPhase section */

/* Begin PBXGroup section */
		656744161B35B4A500D96DAD = {
			isa = PBXGroup;
			children = (
				656745341B35B53C00D96DAD /* ReverbLibrary.c */,
				656745351B35B53C00D96DAD /* ReverbLibrary.h */,
				656745201B35B52D00D96DAD /* LVREV_ApplyNewSettings.c */,
				656745211B35B52D00D96DAD /* LVREV_ClearAudioBuffers.c */,
				656745221B35B52D00D96DAD /* LVREV_GetControlParameters.c */,
				656745231B35B52D00D96DAD /* LVREV_GetInstanceHandle.c */,
				656745241B35B52D00D96DAD /* LVREV_GetMemoryTable.c */,
				656745251B35B52E00D96DAD /* LVREV_Private.h */,
				656745261B35B52E00D96DAD /* LVREV_Process.c */,
				656745271B35B52E00D96DAD /* LVREV_SetControlParameters.c */,
				656745281B35B52E00D96DAD /* LVREV_Tables.c */,
				656745291B35B52E00D96DAD /* LVREV_Tables.h */,
				6567451E1B35B51F00D96DAD /* LVREV.h */,
				6567451C1B35B51300D96DAD /* audio_effect.h */,
				656744421B35B50400D96DAD /* Abs_32.c */,
				656744431B35B50400D96DAD /* Add2_Sat_16x16.c */,
				656744441B35B50400D96DAD /* Add2_Sat_32x32.c */,
				656744451B35B50400D96DAD /* AGC_MIX_VOL_2St1Mon_D32_WRA.c */,
				656744461B35B50400D96DAD /* BP_1I_D16F16C14_TRC_WRA_01.c */,
				656744471B35B50400D96DAD /* BP_1I_D16F16Css_TRC_WRA_01_Init.c */,
				656744481B35B50400D96DAD /* BP_1I_D16F16Css_TRC_WRA_01_Private.h */,
				656744491B35B50400D96DAD /* BP_1I_D16F32C30_TRC_WRA_01.c */,
				6567444A1B35B50400D96DAD /* BP_1I_D16F32Cll_TRC_WRA_01_Init.c */,
				6567444B1B35B50400D96DAD /* BP_1I_D16F32Cll_TRC_WRA_01_Private.h */,
				6567444C1B35B50400D96DAD /* BP_1I_D32F32C30_TRC_WRA_02.c */,
				6567444D1B35B50400D96DAD /* BP_1I_D32F32Cll_TRC_WRA_02_Init.c */,
				6567444E1B35B50400D96DAD /* BP_1I_D32F32Cll_TRC_WRA_02_Private.h */,
				6567444F1B35B50400D96DAD /* BQ_1I_D16F16C15_TRC_WRA_01.c */,
				656744501B35B50400D96DAD /* BQ_1I_D16F16Css_TRC_WRA_01_Init.c */,
				656744511B35B50400D96DAD /* BQ_1I_D16F16Css_TRC_WRA_01_Private.h */,
				656744521B35B50400D96DAD /* BQ_1I_D16F32C14_TRC_WRA_01.c */,
				656744531B35B50400D96DAD /* BQ_1I_D16F32Css_TRC_WRA_01_init.c */,
				656744541B35B50400D96DAD /* BQ_1I_D16F32Css_TRC_WRA_01_Private.h */,
				656744551B35B50400D96DAD /* BQ_2I_D16F16C14_TRC_WRA_01.c */,
				656744561B35B50400D96DAD /* BQ_2I_D16F16C15_TRC_WRA_01.c */,
				656744571B35B50400D96DAD /* BQ_2I_D16F16Css_TRC_WRA_01_Init.c */,
				656744581B35B50400D96DAD /* BQ_2I_D16F16Css_TRC_WRA_01_Private.h */,
				656744591B35B50400D96DAD /* BQ_2I_D16F32C13_TRC_WRA_01.c */,
				6567445A1B35B50400D96DAD /* BQ_2I_D16F32C14_TRC_WRA_01.c */,
				6567445B1B35B50400D96DAD /* BQ_2I_D16F32C15_TRC_WRA_01.c */,
				6567445C1B35B50400D96DAD /* BQ_2I_D16F32Css_TRC_WRA_01_init.c */,
				6567445D1B35B50400D96DAD /* BQ_2I_D16F32Css_TRC_WRA_01_Private.h */,
				6567445E1B35B50400D96DAD /* BQ_2I_D32F32C30_TRC_WRA_01.c */,
				6567445F1B35B50400D96DAD /* BQ_2I_D32F32Cll_TRC_WRA_01_Init.c */,
				656744601B35B50400D96DAD /* BQ_2I_D32F32Cll_TRC_WRA_01_Private.h */,
				656744611B35B50400D96DAD /* CompLim_private.h */,
				656744621B35B50400D96DAD /* Copy_16.c */,
				656744631B35B50400D96DAD /* Core_MixHard_2St_D32C31_SAT.c */,
				656744641B35B50400D96DAD /* Core_MixInSoft_D32C31_SAT.c */,
				656744651B35B50400D96DAD /* Core_MixSoft_1St_D32C31_WRA.c */,
				656744661B35B50400D96DAD /* dB_to_Lin32.c */,
				656744671B35B50400D96DAD /* DC_2I_D16_TRC_WRA_01_Init.c */,
				656744681B35B50400D96DAD /* DC_2I_D16_TRC_WRA_01_Private.h */,
				656744691B35B50400D96DAD /* DC_2I_D16_TRC_WRA_01.c */,
				6567446A1B35B50400D96DAD /* DelayAllPass_Sat_32x16To32.c */,
				6567446B1B35B50400D96DAD /* DelayMix_16x16.c */,
				6567446C1B35B50400D96DAD /* DelayWrite_32.c */,
				6567446D1B35B50400D96DAD /* Filters.h */,
				6567446E1B35B50400D96DAD /* FO_1I_D16F16C15_TRC_WRA_01.c */,
				6567446F1B35B50400D96DAD /* FO_1I_D16F16Css_TRC_WRA_01_Init.c */,
				656744701B35B50400D96DAD /* FO_1I_D16F16Css_TRC_WRA_01_Private.h */,
				656744711B35B50400D96DAD /* FO_1I_D32F32C31_TRC_WRA_01.c */,
				656744721B35B50400D96DAD /* FO_1I_D32F32Cll_TRC_WRA_01_Init.c */,
				656744731B35B50400D96DAD /* FO_1I_D32F32Cll_TRC_WRA_01_Private.h */,
				656744741B35B50400D96DAD /* FO_2I_D16F32C15_LShx_TRC_WRA_01.c */,
				656744751B35B50400D96DAD /* FO_2I_D16F32Css_LShx_TRC_WRA_01_Init.c */,
				656744761B35B50400D96DAD /* FO_2I_D16F32Css_LShx_TRC_WRA_01_Private.h */,
				656744771B35B50400D96DAD /* From2iToMono_16.c */,
				656744781B35B50400D96DAD /* From2iToMono_32.c */,
				656744791B35B50400D96DAD /* From2iToMS_16x16.c */,
				6567447A1B35B50400D96DAD /* InstAlloc.c */,
				6567447B1B35B50400D96DAD /* Int16LShiftToInt32_16x32.c */,
				6567447C1B35B50400D96DAD /* Int32RShiftToInt16_Sat_32x16.c */,
				6567447D1B35B50400D96DAD /* JoinTo2i_32x32.c */,
				6567447E1B35B50400D96DAD /* LoadConst_16.c */,
				6567447F1B35B50400D96DAD /* LoadConst_32.c */,
				656744801B35B50400D96DAD /* LVC_Core_MixHard_1St_2i_D16C31_SAT.c */,
				656744811B35B50400D96DAD /* LVC_Core_MixHard_2St_D16C31_SAT.c */,
				656744821B35B50400D96DAD /* LVC_Core_MixInSoft_D16C31_SAT.c */,
				656744831B35B50400D96DAD /* LVC_Core_MixSoft_1St_2i_D16C31_WRA.c */,
				656744841B35B50400D96DAD /* LVC_Core_MixSoft_1St_D16C31_WRA.c */,
				656744851B35B50400D96DAD /* LVC_Mixer_GetCurrent.c */,
				656744861B35B50400D96DAD /* LVC_Mixer_GetTarget.c */,
				656744871B35B50400D96DAD /* LVC_Mixer_Init.c */,
				656744881B35B50400D96DAD /* LVC_Mixer_Private.h */,
				656744891B35B50400D96DAD /* LVC_Mixer_SetTarget.c */,
				6567448A1B35B50400D96DAD /* LVC_Mixer_SetTimeConstant.c */,
				6567448B1B35B50400D96DAD /* LVC_Mixer_VarSlope_SetTimeConstant.c */,
				6567448C1B35B50400D96DAD /* LVC_Mixer.h */,
				6567448D1B35B50400D96DAD /* LVC_MixInSoft_D16C31_SAT.c */,
				6567448E1B35B50400D96DAD /* LVC_MixSoft_1St_2i_D16C31_SAT.c */,
				6567448F1B35B50400D96DAD /* LVC_MixSoft_1St_D16C31_SAT.c */,
				656744901B35B50400D96DAD /* LVC_MixSoft_2St_D16C31_SAT.c */,
				656744911B35B50400D96DAD /* LVM_FO_HPF.c */,
				656744921B35B50400D96DAD /* LVM_FO_LPF.c */,
				656744931B35B50400D96DAD /* LVM_GetOmega.c */,
				656744941B35B50400D96DAD /* LVM_Mixer_FilterCoeffs.h */,
				656744951B35B50400D96DAD /* LVM_Mixer_TimeConstant.c */,
				656744961B35B50400D96DAD /* LVM_Polynomial.c */,
				656744971B35B50400D96DAD /* LVM_Power10.c */,
				656744981B35B50400D96DAD /* LVM_Timer_Init.c */,
				656744991B35B50400D96DAD /* LVM_Timer_Private.h */,
				6567449A1B35B50400D96DAD /* LVM_Timer.c */,
				6567449B1B35B50400D96DAD /* Mac3s_Sat_16x16.c */,
				6567449C1B35B50400D96DAD /* Mac3s_Sat_32x16.c */,
				6567449D1B35B50400D96DAD /* Mixer_private.h */,
				6567449E1B35B50400D96DAD /* MixInSoft_D32C31_SAT.c */,
				6567449F1B35B50400D96DAD /* MixSoft_1St_D32C31_WRA.c */,
				656744A01B35B50400D96DAD /* MixSoft_2St_D32C31_SAT.c */,
				656744A11B35B50400D96DAD /* MonoTo2I_16.c */,
				656744A21B35B50400D96DAD /* MonoTo2I_32.c */,
				656744A31B35B50400D96DAD /* MSTo2i_Sat_16x16.c */,
				656744A41B35B50400D96DAD /* mult3s_16x16.c */,
				656744A51B35B50400D96DAD /* Mult3s_32x16.c */,
				656744A61B35B50400D96DAD /* NonLinComp_D16.c */,
				656744A71B35B50400D96DAD /* PK_2I_D32F32C14G11_TRC_WRA_01.c */,
				656744A81B35B50400D96DAD /* PK_2I_D32F32C30G11_TRC_WRA_01.c */,
				656744A91B35B50400D96DAD /* PK_2I_D32F32CllGss_TRC_WRA_01_Init.c */,
				656744AA1B35B50400D96DAD /* PK_2I_D32F32CllGss_TRC_WRA_01_Private.h */,
				656744AB1B35B50400D96DAD /* PK_2I_D32F32CssGss_TRC_WRA_01_Init.c */,
				656744AC1B35B50400D96DAD /* PK_2I_D32F32CssGss_TRC_WRA_01_Private.h */,
				656744AD1B35B50400D96DAD /* Shift_Sat_v16xv16.c */,
				656744AE1B35B50400D96DAD /* Shift_Sat_v32xv32.c */,
				6567442A1B35B4E400D96DAD /* AGC.h */,
				6567442B1B35B4E400D96DAD /* BIQUAD.h */,
				6567442C1B35B4E400D96DAD /* CompLim.h */,
				6567442D1B35B4E400D96DAD /* Filter.h */,
				6567442E1B35B4E400D96DAD /* InstAlloc.h */,
				6567442F1B35B4E400D96DAD /* LVM_Common.h */,
				656744301B35B4E400D96DAD /* LVM_Macros.h */,
				656744311B35B4E400D96DAD /* LVM_Timer.h */,
				656744321B35B4E400D96DAD /* LVM_Types.h */,
				656744331B35B4E400D96DAD /* Mixer.h */,
				656744341B35B4E400D96DAD /* ScalarArithmetic.h */,
				656744351B35B4E400D96DAD /* VectorArithmetic.h */,
				656744261B35B4CB00D96DAD /* effect_environmentalreverb.h */,
				656744271B35B4CB00D96DAD /* effect_presetreverb.h */,
				656744201B35B4A500D96DAD /* Products */,
			);
			sourceTree = "<group>";
		};
		656744201B35B4A500D96DAD /* Products */ = {
			isa = PBXGroup;
			children = (
				6567441F1B35B4A500D96DAD /* liblibeffects.a */,
			);
			name = Products;
			sourceTree = "<group>";
		};
/* End PBXGroup section */

/* Begin PBXHeadersBuildPhase section */
		6567441D1B35B4A500D96DAD /* Headers */ = {
			isa = PBXHeadersBuildPhase;
			buildActionMask = 2147483647;
			files = (
				656744F51B35B50400D96DAD /* LVC_Mixer_Private.h in Headers */,
				6567450A1B35B50400D96DAD /* Mixer_private.h in Headers */,
				6567451D1B35B51300D96DAD /* audio_effect.h in Headers */,
				656744B81B35B50400D96DAD /* BP_1I_D16F32Cll_TRC_WRA_01_Private.h in Headers */,
				656744B51B35B50400D96DAD /* BP_1I_D16F16Css_TRC_WRA_01_Private.h in Headers */,
				656745331B35B52E00D96DAD /* LVREV_Tables.h in Headers */,
				656744C51B35B50400D96DAD /* BQ_2I_D16F16Css_TRC_WRA_01_Private.h in Headers */,
				6567443A1B35B4E400D96DAD /* InstAlloc.h in Headers */,
				6567451F1B35B51F00D96DAD /* LVREV.h in Headers */,
				6567443B1B35B4E400D96DAD /* LVM_Common.h in Headers */,
				656744401B35B4E400D96DAD /* ScalarArithmetic.h in Headers */,
				6567452F1B35B52E00D96DAD /* LVREV_Private.h in Headers */,
				656744E01B35B50400D96DAD /* FO_1I_D32F32Cll_TRC_WRA_01_Private.h in Headers */,
				656745191B35B50400D96DAD /* PK_2I_D32F32CssGss_TRC_WRA_01_Private.h in Headers */,
				656744CD1B35B50400D96DAD /* BQ_2I_D32F32Cll_TRC_WRA_01_Private.h in Headers */,
				656744DD1B35B50400D96DAD /* FO_1I_D16F16Css_TRC_WRA_01_Private.h in Headers */,
				656745371B35B53C00D96DAD /* ReverbLibrary.h in Headers */,
				656744BE1B35B50400D96DAD /* BQ_1I_D16F16Css_TRC_WRA_01_Private.h in Headers */,
				656745171B35B50400D96DAD /* PK_2I_D32F32CllGss_TRC_WRA_01_Private.h in Headers */,
				656744391B35B4E400D96DAD /* Filter.h in Headers */,
				656744CE1B35B50400D96DAD /* CompLim_private.h in Headers */,
				656744D51B35B50400D96DAD /* DC_2I_D16_TRC_WRA_01_Private.h in Headers */,
				656744371B35B4E400D96DAD /* BIQUAD.h in Headers */,
				6567443D1B35B4E400D96DAD /* LVM_Timer.h in Headers */,
				656744DA1B35B50400D96DAD /* Filters.h in Headers */,
				656744BB1B35B50400D96DAD /* BP_1I_D32F32Cll_TRC_WRA_02_Private.h in Headers */,
				656745061B35B50400D96DAD /* LVM_Timer_Private.h in Headers */,
				656744F91B35B50400D96DAD /* LVC_Mixer.h in Headers */,
				656745011B35B50400D96DAD /* LVM_Mixer_FilterCoeffs.h in Headers */,
				656744E31B35B50400D96DAD /* FO_2I_D16F32Css_LShx_TRC_WRA_01_Private.h in Headers */,
				656744C11B35B50400D96DAD /* BQ_1I_D16F32Css_TRC_WRA_01_Private.h in Headers */,
				656744361B35B4E400D96DAD /* AGC.h in Headers */,
				6567443F1B35B4E400D96DAD /* Mixer.h in Headers */,
				6567443C1B35B4E400D96DAD /* LVM_Macros.h in Headers */,
				656744411B35B4E400D96DAD /* VectorArithmetic.h in Headers */,
				6567443E1B35B4E400D96DAD /* LVM_Types.h in Headers */,
				656744CA1B35B50400D96DAD /* BQ_2I_D16F32Css_TRC_WRA_01_Private.h in Headers */,
				656744291B35B4CB00D96DAD /* effect_presetreverb.h in Headers */,
				656744281B35B4CB00D96DAD /* effect_environmentalreverb.h in Headers */,
				656744381B35B4E400D96DAD /* CompLim.h in Headers */,
			);
			runOnlyForDeploymentPostprocessing = 0;
		};
/* End PBXHeadersBuildPhase section */

/* Begin PBXNativeTarget section */
		6567441E1B35B4A500D96DAD /* libeffects */ = {
			isa = PBXNativeTarget;
			buildConfigurationList = 656744231B35B4A500D96DAD /* Build configuration list for PBXNativeTarget "libeffects" */;
			buildPhases = (
				6567441B1B35B4A500D96DAD /* Sources */,
				6567441C1B35B4A500D96DAD /* Frameworks */,
				6567441D1B35B4A500D96DAD /* Headers */,
			);
			buildRules = (
			);
			dependencies = (
			);
			name = libeffects;
			productName = libeffects;
			productReference = 6567441F1B35B4A500D96DAD /* liblibeffects.a */;
			productType = "com.apple.product-type.library.static";
		};
/* End PBXNativeTarget section */

/* Begin PBXProject section */
		656744171B35B4A500D96DAD /* Project object */ = {
			isa = PBXProject;
			attributes = {
				LastUpgradeCheck = 0630;
				ORGANIZATIONNAME = "Daniel Sobe";
				TargetAttributes = {
					6567441E1B35B4A500D96DAD = {
						CreatedOnToolsVersion = 6.3.2;
					};
				};
			};
			buildConfigurationList = 6567441A1B35B4A500D96DAD /* Build configuration list for PBXProject "libeffects" */;
			compatibilityVersion = "Xcode 3.2";
			developmentRegion = English;
			hasScannedForEncodings = 0;
			knownRegions = (
				en,
			);
			mainGroup = 656744161B35B4A500D96DAD;
			productRefGroup = 656744201B35B4A500D96DAD /* Products */;
			projectDirPath = "";
			projectRoot = "";
			targets = (
				6567441E1B35B4A500D96DAD /* libeffects */,
			);
		};
/* End PBXProject section */

/* Begin PBXSourcesBuildPhase section */
		6567441B1B35B4A500D96DAD /* Sources */ = {
			isa = PBXSourcesBuildPhase;
			buildActionMask = 2147483647;
			files = (
				656744DB1B35B50400D96DAD /* FO_1I_D16F16C15_TRC_WRA_01.c in Sources */,
				656745181B35B50400D96DAD /* PK_2I_D32F32CssGss_TRC_WRA_01_Init.c in Sources */,
				656744FD1B35B50400D96DAD /* LVC_MixSoft_2St_D16C31_SAT.c in Sources */,
				656744C01B35B50400D96DAD /* BQ_1I_D16F32Css_TRC_WRA_01_init.c in Sources */,
				656744B01B35B50400D96DAD /* Add2_Sat_16x16.c in Sources */,
				656744E41B35B50400D96DAD /* From2iToMono_16.c in Sources */,
				6567450E1B35B50400D96DAD /* MonoTo2I_16.c in Sources */,
				656744F81B35B50400D96DAD /* LVC_Mixer_VarSlope_SetTimeConstant.c in Sources */,
				656744EA1B35B50400D96DAD /* JoinTo2i_32x32.c in Sources */,
				656744B61B35B50400D96DAD /* BP_1I_D16F32C30_TRC_WRA_01.c in Sources */,
				6567450C1B35B50400D96DAD /* MixSoft_1St_D32C31_WRA.c in Sources */,
				656744E81B35B50400D96DAD /* Int16LShiftToInt32_16x32.c in Sources */,
				656744D81B35B50400D96DAD /* DelayMix_16x16.c in Sources */,
				656744F61B35B50400D96DAD /* LVC_Mixer_SetTarget.c in Sources */,
				656744E71B35B50400D96DAD /* InstAlloc.c in Sources */,
				656744C61B35B50400D96DAD /* BQ_2I_D16F32C13_TRC_WRA_01.c in Sources */,
				656744EC1B35B50400D96DAD /* LoadConst_32.c in Sources */,
				6567450B1B35B50400D96DAD /* MixInSoft_D32C31_SAT.c in Sources */,
				656744DE1B35B50400D96DAD /* FO_1I_D32F32C31_TRC_WRA_01.c in Sources */,
				656745161B35B50400D96DAD /* PK_2I_D32F32CllGss_TRC_WRA_01_Init.c in Sources */,
				656744D21B35B50400D96DAD /* Core_MixSoft_1St_D32C31_WRA.c in Sources */,
				656744D31B35B50400D96DAD /* dB_to_Lin32.c in Sources */,
				656744DC1B35B50400D96DAD /* FO_1I_D16F16Css_TRC_WRA_01_Init.c in Sources */,
				656745301B35B52E00D96DAD /* LVREV_Process.c in Sources */,
				6567452A1B35B52E00D96DAD /* LVREV_ApplyNewSettings.c in Sources */,
				656744D01B35B50400D96DAD /* Core_MixHard_2St_D32C31_SAT.c in Sources */,
				656744C71B35B50400D96DAD /* BQ_2I_D16F32C14_TRC_WRA_01.c in Sources */,
				656744E11B35B50400D96DAD /* FO_2I_D16F32C15_LShx_TRC_WRA_01.c in Sources */,
				656744F21B35B50400D96DAD /* LVC_Mixer_GetCurrent.c in Sources */,
				656744C91B35B50400D96DAD /* BQ_2I_D16F32Css_TRC_WRA_01_init.c in Sources */,
				656744EE1B35B50400D96DAD /* LVC_Core_MixHard_2St_D16C31_SAT.c in Sources */,
				656744D11B35B50400D96DAD /* Core_MixInSoft_D32C31_SAT.c in Sources */,
				656745131B35B50400D96DAD /* NonLinComp_D16.c in Sources */,
				656745111B35B50400D96DAD /* mult3s_16x16.c in Sources */,
				656744C81B35B50400D96DAD /* BQ_2I_D16F32C15_TRC_WRA_01.c in Sources */,
				656744D41B35B50400D96DAD /* DC_2I_D16_TRC_WRA_01_Init.c in Sources */,
				656745031B35B50400D96DAD /* LVM_Polynomial.c in Sources */,
				6567450F1B35B50400D96DAD /* MonoTo2I_32.c in Sources */,
				656744BD1B35B50400D96DAD /* BQ_1I_D16F16Css_TRC_WRA_01_Init.c in Sources */,
				656744B31B35B50400D96DAD /* BP_1I_D16F16C14_TRC_WRA_01.c in Sources */,
				656745321B35B52E00D96DAD /* LVREV_Tables.c in Sources */,
				656745101B35B50400D96DAD /* MSTo2i_Sat_16x16.c in Sources */,
				656744E61B35B50400D96DAD /* From2iToMS_16x16.c in Sources */,
				656744B71B35B50400D96DAD /* BP_1I_D16F32Cll_TRC_WRA_01_Init.c in Sources */,
				656745041B35B50400D96DAD /* LVM_Power10.c in Sources */,
				656744EF1B35B50400D96DAD /* LVC_Core_MixInSoft_D16C31_SAT.c in Sources */,
				656745141B35B50400D96DAD /* PK_2I_D32F32C14G11_TRC_WRA_01.c in Sources */,
				656744F41B35B50400D96DAD /* LVC_Mixer_Init.c in Sources */,
				656744C41B35B50400D96DAD /* BQ_2I_D16F16Css_TRC_WRA_01_Init.c in Sources */,
				656744D91B35B50400D96DAD /* DelayWrite_32.c in Sources */,
				656744F71B35B50400D96DAD /* LVC_Mixer_SetTimeConstant.c in Sources */,
				656744F01B35B50400D96DAD /* LVC_Core_MixSoft_1St_2i_D16C31_WRA.c in Sources */,
				656744FB1B35B50400D96DAD /* LVC_MixSoft_1St_2i_D16C31_SAT.c in Sources */,
				656744AF1B35B50400D96DAD /* Abs_32.c in Sources */,
				656744EB1B35B50400D96DAD /* LoadConst_16.c in Sources */,
				656744BF1B35B50400D96DAD /* BQ_1I_D16F32C14_TRC_WRA_01.c in Sources */,
				656744B21B35B50400D96DAD /* AGC_MIX_VOL_2St1Mon_D32_WRA.c in Sources */,
				656745021B35B50400D96DAD /* LVM_Mixer_TimeConstant.c in Sources */,
				656744FA1B35B50400D96DAD /* LVC_MixInSoft_D16C31_SAT.c in Sources */,
				656744E91B35B50400D96DAD /* Int32RShiftToInt16_Sat_32x16.c in Sources */,
				656744E51B35B50400D96DAD /* From2iToMono_32.c in Sources */,
				656744F31B35B50400D96DAD /* LVC_Mixer_GetTarget.c in Sources */,
				656745311B35B52E00D96DAD /* LVREV_SetControlParameters.c in Sources */,
				656745091B35B50400D96DAD /* Mac3s_Sat_32x16.c in Sources */,
				656744D71B35B50400D96DAD /* DelayAllPass_Sat_32x16To32.c in Sources */,
				656744BA1B35B50400D96DAD /* BP_1I_D32F32Cll_TRC_WRA_02_Init.c in Sources */,
				656744B91B35B50400D96DAD /* BP_1I_D32F32C30_TRC_WRA_02.c in Sources */,
				656744D61B35B50400D96DAD /* DC_2I_D16_TRC_WRA_01.c in Sources */,
				6567452D1B35B52E00D96DAD /* LVREV_GetInstanceHandle.c in Sources */,
				656744C31B35B50400D96DAD /* BQ_2I_D16F16C15_TRC_WRA_01.c in Sources */,
				6567451A1B35B50400D96DAD /* Shift_Sat_v16xv16.c in Sources */,
				656744C21B35B50400D96DAD /* BQ_2I_D16F16C14_TRC_WRA_01.c in Sources */,
				656745151B35B50400D96DAD /* PK_2I_D32F32C30G11_TRC_WRA_01.c in Sources */,
				656744CC1B35B50400D96DAD /* BQ_2I_D32F32Cll_TRC_WRA_01_Init.c in Sources */,
				656744CF1B35B50400D96DAD /* Copy_16.c in Sources */,
				6567452E1B35B52E00D96DAD /* LVREV_GetMemoryTable.c in Sources */,
				656744BC1B35B50400D96DAD /* BQ_1I_D16F16C15_TRC_WRA_01.c in Sources */,
				6567450D1B35B50400D96DAD /* MixSoft_2St_D32C31_SAT.c in Sources */,
				656744DF1B35B50400D96DAD /* FO_1I_D32F32Cll_TRC_WRA_01_Init.c in Sources */,
				656744B11B35B50400D96DAD /* Add2_Sat_32x32.c in Sources */,
				656744FF1B35B50400D96DAD /* LVM_FO_LPF.c in Sources */,
				656745081B35B50400D96DAD /* Mac3s_Sat_16x16.c in Sources */,
				656745361B35B53C00D96DAD /* ReverbLibrary.c in Sources */,
				656745121B35B50400D96DAD /* Mult3s_32x16.c in Sources */,
				6567452B1B35B52E00D96DAD /* LVREV_ClearAudioBuffers.c in Sources */,
				6567452C1B35B52E00D96DAD /* LVREV_GetControlParameters.c in Sources */,
				656744FC1B35B50400D96DAD /* LVC_MixSoft_1St_D16C31_SAT.c in Sources */,
				6567451B1B35B50400D96DAD /* Shift_Sat_v32xv32.c in Sources */,
				656745071B35B50400D96DAD /* LVM_Timer.c in Sources */,
				656744E21B35B50400D96DAD /* FO_2I_D16F32Css_LShx_TRC_WRA_01_Init.c in Sources */,
				656744CB1B35B50400D96DAD /* BQ_2I_D32F32C30_TRC_WRA_01.c in Sources */,
				656744ED1B35B50400D96DAD /* LVC_Core_MixHard_1St_2i_D16C31_SAT.c in Sources */,
				656744FE1B35B50400D96DAD /* LVM_FO_HPF.c in Sources */,
				656744B41B35B50400D96DAD /* BP_1I_D16F16Css_TRC_WRA_01_Init.c in Sources */,
				656745051B35B50400D96DAD /* LVM_Timer_Init.c in Sources */,
				656745001B35B50400D96DAD /* LVM_GetOmega.c in Sources */,
				656744F11B35B50400D96DAD /* LVC_Core_MixSoft_1St_D16C31_WRA.c in Sources */,
			);
			runOnlyForDeploymentPostprocessing = 0;
		};
/* End PBXSourcesBuildPhase section */

/* Begin XCBuildConfiguration section */
		656744211B35B4A500D96DAD /* Debug */ = {
			isa = XCBuildConfiguration;
			buildSettings = {
				ALWAYS_SEARCH_USER_PATHS = NO;
				CLANG_CXX_LANGUAGE_STANDARD = "gnu++0x";
				CLANG_CXX_LIBRARY = "libc++";
				CLANG_ENABLE_MODULES = YES;
				CLANG_ENABLE_OBJC_ARC = YES;
				CLANG_WARN_BOOL_CONVERSION = YES;
				CLANG_WARN_CONSTANT_CONVERSION = YES;
				CLANG_WARN_DIRECT_OBJC_ISA_USAGE = YES_ERROR;
				CLANG_WARN_EMPTY_BODY = YES;
				CLANG_WARN_ENUM_CONVERSION = YES;
				CLANG_WARN_INT_CONVERSION = YES;
				CLANG_WARN_OBJC_ROOT_CLASS = YES_ERROR;
				CLANG_WARN_UNREACHABLE_CODE = YES;
				CLANG_WARN__DUPLICATE_METHOD_MATCH = YES;
				COPY_PHASE_STRIP = NO;
				DEBUG_INFORMATION_FORMAT = dwarf;
				ENABLE_STRICT_OBJC_MSGSEND = YES;
				GCC_C_LANGUAGE_STANDARD = gnu99;
				GCC_DYNAMIC_NO_PIC = NO;
				GCC_NO_COMMON_BLOCKS = YES;
				GCC_OPTIMIZATION_LEVEL = 0;
				GCC_PREPROCESSOR_DEFINITIONS = (
					"DEBUG=1",
					"$(inherited)",
				);
				GCC_SYMBOLS_PRIVATE_EXTERN = NO;
				GCC_WARN_64_TO_32_BIT_CONVERSION = YES;
				GCC_WARN_ABOUT_RETURN_TYPE = YES_ERROR;
				GCC_WARN_UNDECLARED_SELECTOR = YES;
				GCC_WARN_UNINITIALIZED_AUTOS = YES_AGGRESSIVE;
				GCC_WARN_UNUSED_FUNCTION = YES;
				GCC_WARN_UNUSED_VARIABLE = YES;
				MACOSX_DEPLOYMENT_TARGET = 10.10;
				MTL_ENABLE_DEBUG_INFO = YES;
				ONLY_ACTIVE_ARCH = YES;
				SDKROOT = macosx;
			};
			name = Debug;
		};
		656744221B35B4A500D96DAD /* Release */ = {
			isa = XCBuildConfiguration;
			buildSettings = {
				ALWAYS_SEARCH_USER_PATHS = NO;
				CLANG_CXX_LANGUAGE_STANDARD = "gnu++0x";
				CLANG_CXX_LIBRARY = "libc++";
				CLANG_ENABLE_MODULES = YES;
				CLANG_ENABLE_OBJC_ARC = YES;
				CLANG_WARN_BOOL_CONVERSION = YES;
				CLANG_WARN_CONSTANT_CONVERSION = YES;
				CLANG_WARN_DIRECT_OBJC_ISA_USAGE = YES_ERROR;
				CLANG_WARN_EMPTY_BODY = YES;
				CLANG_WARN_ENUM_CONVERSION = YES;
				CLANG_WARN_INT_CONVERSION = YES;
				CLANG_WARN_OBJC_ROOT_CLASS = YES_ERROR;
				CLANG_WARN_UNREACHABLE_CODE = YES;
				CLANG_WARN__DUPLICATE_METHOD_MATCH = YES;
				COPY_PHASE_STRIP = NO;
				DEBUG_INFORMATION_FORMAT = "dwarf-with-dsym";
				ENABLE_NS_ASSERTIONS = NO;
				ENABLE_STRICT_OBJC_MSGSEND = YES;
				GCC_C_LANGUAGE_STANDARD = gnu99;
				GCC_NO_COMMON_BLOCKS = YES;
				GCC_WARN_64_TO_32_BIT_CONVERSION = YES;
				GCC_WARN_ABOUT_RETURN_TYPE = YES_ERROR;
				GCC_WARN_UNDECLARED_SELECTOR = YES;
				GCC_WARN_UNINITIALIZED_AUTOS = YES_AGGRESSIVE;
				GCC_WARN_UNUSED_FUNCTION = YES;
				GCC_WARN_UNUSED_VARIABLE = YES;
				MACOSX_DEPLOYMENT_TARGET = 10.10;
				MTL_ENABLE_DEBUG_INFO = NO;
				SDKROOT = macosx;
			};
			name = Release;
		};
		656744241B35B4A500D96DAD /* Debug */ = {
			isa = XCBuildConfiguration;
			buildSettings = {
				EXECUTABLE_PREFIX = lib;
				HEADER_SEARCH_PATHS = (
					"$(inherited)",
					/Applications/Xcode.app/Contents/Developer/Toolchains/XcodeDefault.xctoolchain/usr/include,
					"$(SRCROOT)/",
					"$(SRCROOT)/../",
					"$(SRCROOT)/../../",
				);
				PRODUCT_NAME = "$(TARGET_NAME)";
			};
			name = Debug;
		};
		656744251B35B4A500D96DAD /* Release */ = {
			isa = XCBuildConfiguration;
			buildSettings = {
				EXECUTABLE_PREFIX = lib;
				HEADER_SEARCH_PATHS = (
					"$(inherited)",
					/Applications/Xcode.app/Contents/Developer/Toolchains/XcodeDefault.xctoolchain/usr/include,
					"$(SRCROOT)/",
					"$(SRCROOT)/../",
					"$(SRCROOT)/../../",
				);
				PRODUCT_NAME = "$(TARGET_NAME)";
			};
			name = Release;
		};
/* End XCBuildConfiguration section */

/* Begin XCConfigurationList section */
		6567441A1B35B4A500D96DAD /* Build configuration list for PBXProject "libeffects" */ = {
			isa = XCConfigurationList;
			buildConfigurations = (
				656744211B35B4A500D96DAD /* Debug */,
				656744221B35B4A500D96DAD /* Release */,
			);
			defaultConfigurationIsVisible = 0;
			defaultConfigurationName = Release;
		};
		656744231B35B4A500D96DAD /* Build configuration list for PBXNativeTarget "libeffects" */ = {
			isa = XCConfigurationList;
			buildConfigurations = (
				656744241B35B4A500D96DAD /* Debug */,
				656744251B35B4A500D96DAD /* Release */,
			);
			defaultConfigurationIsVisible = 0;
		};
/* End XCConfigurationList section */
	};
	rootObject = 656744171B35B4A500D96DAD /* Project object */;
}
