// !$*UTF8*$!
{
	archiveVersion = 1;
	classes = {
	};
	objectVersion = 46;
	objects = {

/* Begin PBXBuildFile section */
		6562CD0B1B46FA1200423EDB /* liblibecho.a in Frameworks */ = {isa = PBXBuildFile; fileRef = 6562CCFF1B46FA1200423EDB /* liblibecho.a */; };
		6562CD1B1B46FA4700423EDB /* libecho.c in Sources */ = {isa = PBXBuildFile; fileRef = 6562CD191B46FA4700423EDB /* libecho.c */; };
/* End PBXBuildFile section */

/* Begin PBXContainerItemProxy section */
		6562CD0C1B46FA1200423EDB /* PBXContainerItemProxy */ = {
			isa = PBXContainerItemProxy;
			containerPortal = 6562CCF71B46FA1200423EDB /* Project object */;
			proxyType = 1;
			remoteGlobalIDString = 6562CCFE1B46FA1200423EDB;
			remoteInfo = libecho;
		};
/* End PBXContainerItemProxy section */

/* Begin PBXCopyFilesBuildPhase section */
		6562CCFD1B46FA1200423EDB /* CopyFiles */ = {
			isa = PBXCopyFilesBuildPhase;
			buildActionMask = 2147483647;
			dstPath = "include/$(PRODUCT_NAME)";
			dstSubfolderSpec = 16;
			files = (
			);
			runOnlyForDeploymentPostprocessing = 0;
		};
/* End PBXCopyFilesBuildPhase section */

/* Begin PBXFileReference section */
		6562CCFF1B46FA1200423EDB /* liblibecho.a */ = {isa = PBXFileReference; explicitFileType = archive.ar; includeInIndex = 0; path = liblibecho.a; sourceTree = BUILT_PRODUCTS_DIR; };
		6562CD0A1B46FA1200423EDB /* libechoTests.xctest */ = {isa = PBXFileReference; explicitFileType = wrapper.cfbundle; includeInIndex = 0; path = libechoTests.xctest; sourceTree = BUILT_PRODUCTS_DIR; };
		6562CD101B46FA1200423EDB /* Info.plist */ = {isa = PBXFileReference; lastKnownFileType = text.plist.xml; path = Info.plist; sourceTree = "<group>"; };
		6562CD191B46FA4700423EDB /* libecho.c */ = {isa = PBXFileReference; fileEncoding = 4; lastKnownFileType = sourcecode.c.c; name = libecho.c; path = ../../../libecho.c; sourceTree = "<group>"; };
		6562CD1A1B46FA4700423EDB /* libecho.h */ = {isa = PBXFileReference; fileEncoding = 4; lastKnownFileType = sourcecode.c.h; name = libecho.h; path = ../../../libecho.h; sourceTree = "<group>"; };
/* End PBXFileReference section */

/* Begin PBXFrameworksBuildPhase section */
		6562CCFC1B46FA1200423EDB /* Frameworks */ = {
			isa = PBXFrameworksBuildPhase;
			buildActionMask = 2147483647;
			files = (
			);
			runOnlyForDeploymentPostprocessing = 0;
		};
		6562CD071B46FA1200423EDB /* Frameworks */ = {
			isa = PBXFrameworksBuildPhase;
			buildActionMask = 2147483647;
			files = (
				6562CD0B1B46FA1200423EDB /* liblibecho.a in Frameworks */,
			);
			runOnlyForDeploymentPostprocessing = 0;
		};
/* End PBXFrameworksBuildPhase section */

/* Begin PBXGroup section */
		6562CCF61B46FA1200423EDB = {
			isa = PBXGroup;
			children = (
				6562CD011B46FA1200423EDB /* libecho */,
				6562CD0E1B46FA1200423EDB /* libechoTests */,
				6562CD001B46FA1200423EDB /* Products */,
			);
			sourceTree = "<group>";
		};
		6562CD001B46FA1200423EDB /* Products */ = {
			isa = PBXGroup;
			children = (
				6562CCFF1B46FA1200423EDB /* liblibecho.a */,
				6562CD0A1B46FA1200423EDB /* libechoTests.xctest */,
			);
			name = Products;
			sourceTree = "<group>";
		};
		6562CD011B46FA1200423EDB /* libecho */ = {
			isa = PBXGroup;
			children = (
				6562CD191B46FA4700423EDB /* libecho.c */,
				6562CD1A1B46FA4700423EDB /* libecho.h */,
			);
			path = libecho;
			sourceTree = "<group>";
		};
		6562CD0E1B46FA1200423EDB /* libechoTests */ = {
			isa = PBXGroup;
			children = (
				6562CD0F1B46FA1200423EDB /* Supporting Files */,
			);
			path = libechoTests;
			sourceTree = "<group>";
		};
		6562CD0F1B46FA1200423EDB /* Supporting Files */ = {
			isa = PBXGroup;
			children = (
				6562CD101B46FA1200423EDB /* Info.plist */,
			);
			name = "Supporting Files";
			sourceTree = "<group>";
		};
/* End PBXGroup section */

/* Begin PBXNativeTarget section */
		6562CCFE1B46FA1200423EDB /* libecho */ = {
			isa = PBXNativeTarget;
			buildConfigurationList = 6562CD131B46FA1200423EDB /* Build configuration list for PBXNativeTarget "libecho" */;
			buildPhases = (
				6562CCFB1B46FA1200423EDB /* Sources */,
				6562CCFC1B46FA1200423EDB /* Frameworks */,
				6562CCFD1B46FA1200423EDB /* CopyFiles */,
			);
			buildRules = (
			);
			dependencies = (
			);
			name = libecho;
			productName = libecho;
			productReference = 6562CCFF1B46FA1200423EDB /* liblibecho.a */;
			productType = "com.apple.product-type.library.static";
		};
		6562CD091B46FA1200423EDB /* libechoTests */ = {
			isa = PBXNativeTarget;
			buildConfigurationList = 6562CD161B46FA1200423EDB /* Build configuration list for PBXNativeTarget "libechoTests" */;
			buildPhases = (
				6562CD061B46FA1200423EDB /* Sources */,
				6562CD071B46FA1200423EDB /* Frameworks */,
				6562CD081B46FA1200423EDB /* Resources */,
			);
			buildRules = (
			);
			dependencies = (
				6562CD0D1B46FA1200423EDB /* PBXTargetDependency */,
			);
			name = libechoTests;
			productName = libechoTests;
			productReference = 6562CD0A1B46FA1200423EDB /* libechoTests.xctest */;
			productType = "com.apple.product-type.bundle.unit-test";
		};
/* End PBXNativeTarget section */

/* Begin PBXProject section */
		6562CCF71B46FA1200423EDB /* Project object */ = {
			isa = PBXProject;
			attributes = {
				LastUpgradeCheck = 0640;
				ORGANIZATIONNAME = "Daniel Sobe";
				TargetAttributes = {
					6562CCFE1B46FA1200423EDB = {
						CreatedOnToolsVersion = 6.4;
					};
					6562CD091B46FA1200423EDB = {
						CreatedOnToolsVersion = 6.4;
					};
				};
			};
			buildConfigurationList = 6562CCFA1B46FA1200423EDB /* Build configuration list for PBXProject "libecho" */;
			compatibilityVersion = "Xcode 3.2";
			developmentRegion = English;
			hasScannedForEncodings = 0;
			knownRegions = (
				en,
			);
			mainGroup = 6562CCF61B46FA1200423EDB;
			productRefGroup = 6562CD001B46FA1200423EDB /* Products */;
			projectDirPath = "";
			projectRoot = "";
			targets = (
				6562CCFE1B46FA1200423EDB /* libecho */,
				6562CD091B46FA1200423EDB /* libechoTests */,
			);
		};
/* End PBXProject section */

/* Begin PBXResourcesBuildPhase section */
		6562CD081B46FA1200423EDB /* Resources */ = {
			isa = PBXResourcesBuildPhase;
			buildActionMask = 2147483647;
			files = (
			);
			runOnlyForDeploymentPostprocessing = 0;
		};
/* End PBXResourcesBuildPhase section */

/* Begin PBXSourcesBuildPhase section */
		6562CCFB1B46FA1200423EDB /* Sources */ = {
			isa = PBXSourcesBuildPhase;
			buildActionMask = 2147483647;
			files = (
				6562CD1B1B46FA4700423EDB /* libecho.c in Sources */,
			);
			runOnlyForDeploymentPostprocessing = 0;
		};
		6562CD061B46FA1200423EDB /* Sources */ = {
			isa = PBXSourcesBuildPhase;
			buildActionMask = 2147483647;
			files = (
			);
			runOnlyForDeploymentPostprocessing = 0;
		};
/* End PBXSourcesBuildPhase section */

/* Begin PBXTargetDependency section */
		6562CD0D1B46FA1200423EDB /* PBXTargetDependency */ = {
			isa = PBXTargetDependency;
			target = 6562CCFE1B46FA1200423EDB /* libecho */;
			targetProxy = 6562CD0C1B46FA1200423EDB /* PBXContainerItemProxy */;
		};
/* End PBXTargetDependency section */

/* Begin XCBuildConfiguration section */
		6562CD111B46FA1200423EDB /* Debug */ = {
			isa = XCBuildConfiguration;
			buildSettings = {
				ALWAYS_SEARCH_USER_PATHS = NO;
				CLANG_CXX_LANGUAGE_STANDARD = "gnu++0x";
				CLANG_CXX_LIBRARY = "libc++";
				CLANG_ENABLE_MODULES = YES;
				CLANG_ENABLE_OBJC_ARC = YES;
				CLANG_WARN_BOOL_CONVERSION = YES;
				CLANG_WARN_CONSTANT_CONVERSION = YES;
				CLANG_WARN_DIRECT_OBJC_ISA_USAGE = YES_ERROR;
				CLANG_WARN_EMPTY_BODY = YES;
				CLANG_WARN_ENUM_CONVERSION = YES;
				CLANG_WARN_INT_CONVERSION = YES;
				CLANG_WARN_OBJC_ROOT_CLASS = YES_ERROR;
				CLANG_WARN_UNREACHABLE_CODE = YES;
				CLANG_WARN__DUPLICATE_METHOD_MATCH = YES;
				COPY_PHASE_STRIP = NO;
				DEBUG_INFORMATION_FORMAT = "dwarf-with-dsym";
				ENABLE_STRICT_OBJC_MSGSEND = YES;
				GCC_C_LANGUAGE_STANDARD = gnu99;
				GCC_DYNAMIC_NO_PIC = NO;
				GCC_NO_COMMON_BLOCKS = YES;
				GCC_OPTIMIZATION_LEVEL = 0;
				GCC_PREPROCESSOR_DEFINITIONS = (
					"DEBUG=1",
					"$(inherited)",
				);
				GCC_SYMBOLS_PRIVATE_EXTERN = NO;
				GCC_WARN_64_TO_32_BIT_CONVERSION = YES;
				GCC_WARN_ABOUT_RETURN_TYPE = YES_ERROR;
				GCC_WARN_UNDECLARED_SELECTOR = YES;
				GCC_WARN_UNINITIALIZED_AUTOS = YES_AGGRESSIVE;
				GCC_WARN_UNUSED_FUNCTION = YES;
				GCC_WARN_UNUSED_VARIABLE = YES;
				IPHONEOS_DEPLOYMENT_TARGET = 8.4;
				MTL_ENABLE_DEBUG_INFO = YES;
				ONLY_ACTIVE_ARCH = YES;
				SDKROOT = iphoneos;
			};
			name = Debug;
		};
		6562CD121B46FA1200423EDB /* Release */ = {
			isa = XCBuildConfiguration;
			buildSettings = {
				ALWAYS_SEARCH_USER_PATHS = NO;
				CLANG_CXX_LANGUAGE_STANDARD = "gnu++0x";
				CLANG_CXX_LIBRARY = "libc++";
				CLANG_ENABLE_MODULES = YES;
				CLANG_ENABLE_OBJC_ARC = YES;
				CLANG_WARN_BOOL_CONVERSION = YES;
				CLANG_WARN_CONSTANT_CONVERSION = YES;
				CLANG_WARN_DIRECT_OBJC_ISA_USAGE = YES_ERROR;
				CLANG_WARN_EMPTY_BODY = YES;
				CLANG_WARN_ENUM_CONVERSION = YES;
				CLANG_WARN_INT_CONVERSION = YES;
				CLANG_WARN_OBJC_ROOT_CLASS = YES_ERROR;
				CLANG_WARN_UNREACHABLE_CODE = YES;
				CLANG_WARN__DUPLICATE_METHOD_MATCH = YES;
				COPY_PHASE_STRIP = NO;
				DEBUG_INFORMATION_FORMAT = "dwarf-with-dsym";
				ENABLE_NS_ASSERTIONS = NO;
				ENABLE_STRICT_OBJC_MSGSEND = YES;
				GCC_C_LANGUAGE_STANDARD = gnu99;
				GCC_NO_COMMON_BLOCKS = YES;
				GCC_WARN_64_TO_32_BIT_CONVERSION = YES;
				GCC_WARN_ABOUT_RETURN_TYPE = YES_ERROR;
				GCC_WARN_UNDECLARED_SELECTOR = YES;
				GCC_WARN_UNINITIALIZED_AUTOS = YES_AGGRESSIVE;
				GCC_WARN_UNUSED_FUNCTION = YES;
				GCC_WARN_UNUSED_VARIABLE = YES;
				IPHONEOS_DEPLOYMENT_TARGET = 8.4;
				MTL_ENABLE_DEBUG_INFO = NO;
				SDKROOT = iphoneos;
				VALIDATE_PRODUCT = YES;
			};
			name = Release;
		};
		6562CD141B46FA1200423EDB /* Debug */ = {
			isa = XCBuildConfiguration;
			buildSettings = {
				OTHER_LDFLAGS = "-ObjC";
				PRODUCT_NAME = "$(TARGET_NAME)";
				SKIP_INSTALL = YES;
			};
			name = Debug;
		};
		6562CD151B46FA1200423EDB /* Release */ = {
			isa = XCBuildConfiguration;
			buildSettings = {
				OTHER_LDFLAGS = "-ObjC";
				PRODUCT_NAME = "$(TARGET_NAME)";
				SKIP_INSTALL = YES;
			};
			name = Release;
		};
		6562CD171B46FA1200423EDB /* Debug */ = {
			isa = XCBuildConfiguration;
			buildSettings = {
				"CODE_SIGN_IDENTITY[sdk=iphoneos*]" = "iPhone Developer";
				FRAMEWORK_SEARCH_PATHS = (
					"$(SDKROOT)/Developer/Library/Frameworks",
					"$(inherited)",
				);
				GCC_PREPROCESSOR_DEFINITIONS = (
					"DEBUG=1",
					"$(inherited)",
				);
				INFOPLIST_FILE = libechoTests/Info.plist;
				LD_RUNPATH_SEARCH_PATHS = "$(inherited) @executable_path/Frameworks @loader_path/Frameworks";
				PRODUCT_NAME = "$(TARGET_NAME)";
			};
			name = Debug;
		};
		6562CD181B46FA1200423EDB /* Release */ = {
			isa = XCBuildConfiguration;
			buildSettings = {
				"CODE_SIGN_IDENTITY[sdk=iphoneos*]" = "iPhone Developer";
				FRAMEWORK_SEARCH_PATHS = (
					"$(SDKROOT)/Developer/Library/Frameworks",
					"$(inherited)",
				);
				INFOPLIST_FILE = libechoTests/Info.plist;
				LD_RUNPATH_SEARCH_PATHS = "$(inherited) @executable_path/Frameworks @loader_path/Frameworks";
				PRODUCT_NAME = "$(TARGET_NAME)";
			};
			name = Release;
		};
/* End XCBuildConfiguration section */

/* Begin XCConfigurationList section */
		6562CCFA1B46FA1200423EDB /* Build configuration list for PBXProject "libecho" */ = {
			isa = XCConfigurationList;
			buildConfigurations = (
				6562CD111B46FA1200423EDB /* Debug */,
				6562CD121B46FA1200423EDB /* Release */,
			);
			defaultConfigurationIsVisible = 0;
			defaultConfigurationName = Release;
		};
		6562CD131B46FA1200423EDB /* Build configuration list for PBXNativeTarget "libecho" */ = {
			isa = XCConfigurationList;
			buildConfigurations = (
				6562CD141B46FA1200423EDB /* Debug */,
				6562CD151B46FA1200423EDB /* Release */,
			);
			defaultConfigurationIsVisible = 0;
		};
		6562CD161B46FA1200423EDB /* Build configuration list for PBXNativeTarget "libechoTests" */ = {
			isa = XCConfigurationList;
			buildConfigurations = (
				6562CD171B46FA1200423EDB /* Debug */,
				6562CD181B46FA1200423EDB /* Release */,
			);
			defaultConfigurationIsVisible = 0;
		};
/* End XCConfigurationList section */
	};
	rootObject = 6562CCF71B46FA1200423EDB /* Project object */;
}
